PODS:
  - Alamofire (5.4.1)
  - AlamofireImage (4.2.0):
    - Alamofire (~> 5.4)
  - MBProgressHUD (1.2.0)
  - RxCocoa (5.1.1):
    - RxRelay (~> 5)
    - RxSwift (~> 5)
  - RxRelay (5.1.1):
    - RxSwift (~> 5)
  - RxSwift (5.1.1)
  - RxTest (5.1.1):
    - RxSwift (~> 5)

DEPENDENCIES:
  - Alamofire
  - AlamofireImage (~> 4.1)
  - MBProgressHUD
  - RxCocoa
  - RxSwift
  - RxTest

SPEC REPOS:
  trunk:
    - Alamofire
    - AlamofireImage
    - MBProgressHUD
    - RxCocoa
    - RxRelay
    - RxSwift
    - RxTest

SPEC CHECKSUMS:
  Alamofire: 2291f7d21ca607c491dd17642e5d40fdcda0e65c
  AlamofireImage: 34a2d90b0e5fe6a5605f85ae4b7b01e784c60192
  MBProgressHUD: 3ee5efcc380f6a79a7cc9b363dd669c5e1ae7406
  RxCocoa: 32065309a38d29b5b0db858819b5bf9ef038b601
  RxRelay: d77f7d771495f43c556cbc43eebd1bb54d01e8e9
  RxSwift: 81470a2074fa8780320ea5fe4102807cb7118178
  RxTest: 711632d5644dffbeb62c936a521b5b008a1e1faa

PODFILE CHECKSUM: 245cd68c2ad40dfaa5b674436721409c04502156

COCOAPODS: 1.11.2
