// !$*UTF8*$!
{
	archiveVersion = 1;
	classes = {
	};
	objectVersion = 54;
	objects = {

/* Begin PBXBuildFile section */
		06B0788BD6B12895A3FEEF54 /* Pods_PinchAssignment.framework in Frameworks */ = {isa = PBXBuildFile; fileRef = 8BEA0E9A3FFF46E76FF98F43 /* Pods_PinchAssignment.framework */; };
		5203CA0A27037A1D00A15FEC /* SessionManager.swift in Sources */ = {isa = PBXBuildFile; fileRef = 5203CA0927037A1D00A15FEC /* SessionManager.swift */; };
		5203CA0D27037C9C00A15FEC /* Routable.swift in Sources */ = {isa = PBXBuildFile; fileRef = 5203CA0C27037C9C00A15FEC /* Routable.swift */; };
		5203CA1027037D2F00A15FEC /* EncodableParams.swift in Sources */ = {isa = PBXBuildFile; fileRef = 5203CA0F27037D2F00A15FEC /* EncodableParams.swift */; };
		5203CA1227037DB500A15FEC /* Router.swift in Sources */ = {isa = PBXBuildFile; fileRef = 5203CA1127037DB500A15FEC /* Router.swift */; };
		5203CA1527037F0B00A15FEC /* APIService.swift in Sources */ = {isa = PBXBuildFile; fileRef = 5203CA1427037F0B00A15FEC /* APIService.swift */; };
		5203CA1827037FE700A15FEC /* DataRequest+Decodable.swift in Sources */ = {isa = PBXBuildFile; fileRef = 5203CA1727037FE700A15FEC /* DataRequest+Decodable.swift */; };
		5203CA1D270380C400A15FEC /* Result+Rx.swift in Sources */ = {isa = PBXBuildFile; fileRef = 5203CA1C270380C400A15FEC /* Result+Rx.swift */; };
		5203CA1F270380D000A15FEC /* Result+Map.swift in Sources */ = {isa = PBXBuildFile; fileRef = 5203CA1E270380D000A15FEC /* Result+Map.swift */; };
		5203CA222703820300A15FEC /* APIService+Rx.swift in Sources */ = {isa = PBXBuildFile; fileRef = 5203CA212703820300A15FEC /* APIService+Rx.swift */; };
		5203CA282704592700A15FEC /* BaseWireframe.swift in Sources */ = {isa = PBXBuildFile; fileRef = 5203CA272704592700A15FEC /* BaseWireframe.swift */; };
		5203CA2A2704593A00A15FEC /* InteractorInterface.swift in Sources */ = {isa = PBXBuildFile; fileRef = 5203CA292704593A00A15FEC /* InteractorInterface.swift */; };
		5203CA2C2704595600A15FEC /* PresenterInterface.swift in Sources */ = {isa = PBXBuildFile; fileRef = 5203CA2B2704595600A15FEC /* PresenterInterface.swift */; };
		5203CA2E2704596100A15FEC /* ViewInterface.swift in Sources */ = {isa = PBXBuildFile; fileRef = 5203CA2D2704596100A15FEC /* ViewInterface.swift */; };
		5203CA3527045A7B00A15FEC /* Albums.storyboard in Resources */ = {isa = PBXBuildFile; fileRef = 5203CA2F27045A7B00A15FEC /* Albums.storyboard */; };
		5203CA3627045A7B00A15FEC /* AlbumsInterfaces.swift in Sources */ = {isa = PBXBuildFile; fileRef = 5203CA3027045A7B00A15FEC /* AlbumsInterfaces.swift */; };
		5203CA3727045A7B00A15FEC /* AlbumsPresenter.swift in Sources */ = {isa = PBXBuildFile; fileRef = 5203CA3127045A7B00A15FEC /* AlbumsPresenter.swift */; };
		5203CA3827045A7B00A15FEC /* AlbumsViewController.swift in Sources */ = {isa = PBXBuildFile; fileRef = 5203CA3227045A7B00A15FEC /* AlbumsViewController.swift */; };
		5203CA3927045A7B00A15FEC /* AlbumsInteractor.swift in Sources */ = {isa = PBXBuildFile; fileRef = 5203CA3327045A7B00A15FEC /* AlbumsInteractor.swift */; };
		5203CA3A27045A7B00A15FEC /* AlbumsWireframe.swift in Sources */ = {isa = PBXBuildFile; fileRef = 5203CA3427045A7B00A15FEC /* AlbumsWireframe.swift */; };
		5203CA3E27045B0D00A15FEC /* UIStoryboard+Instantiate.swift in Sources */ = {isa = PBXBuildFile; fileRef = 5203CA3D27045B0D00A15FEC /* UIStoryboard+Instantiate.swift */; };
		5203CA442704785B00A15FEC /* Album.swift in Sources */ = {isa = PBXBuildFile; fileRef = 5203CA432704785B00A15FEC /* Album.swift */; };
		5203CA4727047FAA00A15FEC /* AlbumRouter.swift in Sources */ = {isa = PBXBuildFile; fileRef = 5203CA4627047FAA00A15FEC /* AlbumRouter.swift */; };
		5203CA4A2704803C00A15FEC /* Constants.swift in Sources */ = {isa = PBXBuildFile; fileRef = 5203CA492704803C00A15FEC /* Constants.swift */; };
		5203CA4D2704971A00A15FEC /* StartupInitializerBuilder.swift in Sources */ = {isa = PBXBuildFile; fileRef = 5203CA4C2704971A00A15FEC /* StartupInitializerBuilder.swift */; };
		5203CA502704977500A15FEC /* Initializable.swift in Sources */ = {isa = PBXBuildFile; fileRef = 5203CA4F2704977500A15FEC /* Initializable.swift */; };
		5203CA522704982700A15FEC /* InitialWireframeInitializer.swift in Sources */ = {isa = PBXBuildFile; fileRef = 5203CA512704982700A15FEC /* InitialWireframeInitializer.swift */; };
		5203CA5627049FC700A15FEC /* BaseNavigationController.swift in Sources */ = {isa = PBXBuildFile; fileRef = 5203CA5527049FC700A15FEC /* BaseNavigationController.swift */; };
		5203CA5A2705B4A000A15FEC /* TableViewReloader.swift in Sources */ = {isa = PBXBuildFile; fileRef = 5203CA592705B4A000A15FEC /* TableViewReloader.swift */; };
		5203CA5D2705B67000A15FEC /* SectionItem.swift in Sources */ = {isa = PBXBuildFile; fileRef = 5203CA5C2705B67000A15FEC /* SectionItem.swift */; };
		5203CA5F2705B67800A15FEC /* CellItem.swift in Sources */ = {isa = PBXBuildFile; fileRef = 5203CA5E2705B67800A15FEC /* CellItem.swift */; };
		5203CA612705B69E00A15FEC /* TableCellItem.swift in Sources */ = {isa = PBXBuildFile; fileRef = 5203CA602705B69E00A15FEC /* TableCellItem.swift */; };
		5203CA632705B6F600A15FEC /* TableSectionItem.swift in Sources */ = {isa = PBXBuildFile; fileRef = 5203CA622705B6F600A15FEC /* TableSectionItem.swift */; };
		5203CA652705BC0300A15FEC /* TableDataSourceDelegate.swift in Sources */ = {isa = PBXBuildFile; fileRef = 5203CA642705BC0300A15FEC /* TableDataSourceDelegate.swift */; };
		5203CA672705BC8A00A15FEC /* BlankTableSection.swift in Sources */ = {isa = PBXBuildFile; fileRef = 5203CA662705BC8A00A15FEC /* BlankTableSection.swift */; };
		5203CA692705BFD200A15FEC /* ReactiveDataSourceDelegate.swift in Sources */ = {isa = PBXBuildFile; fileRef = 5203CA682705BFD200A15FEC /* ReactiveDataSourceDelegate.swift */; };
		5203CA712705C57A00A15FEC /* TitleTableViewCell.swift in Sources */ = {isa = PBXBuildFile; fileRef = 5203CA6F2705C57A00A15FEC /* TitleTableViewCell.swift */; };
		5203CA722705C57A00A15FEC /* TitleTableViewCell.xib in Resources */ = {isa = PBXBuildFile; fileRef = 5203CA702705C57A00A15FEC /* TitleTableViewCell.xib */; };
		5203CA742705C59D00A15FEC /* TitleCellItem.swift in Sources */ = {isa = PBXBuildFile; fileRef = 5203CA732705C59D00A15FEC /* TitleCellItem.swift */; };
		5203CA772705C62300A15FEC /* UITableView+Dequeue.swift in Sources */ = {isa = PBXBuildFile; fileRef = 5203CA762705C62300A15FEC /* UITableView+Dequeue.swift */; };
		5203CA7A2705CAB800A15FEC /* Observable+Utility.swift in Sources */ = {isa = PBXBuildFile; fileRef = 5203CA792705CAB800A15FEC /* Observable+Utility.swift */; };
		5203CA7D2705CB1100A15FEC /* Single+Utility.swift in Sources */ = {isa = PBXBuildFile; fileRef = 5203CA7C2705CB1100A15FEC /* Single+Utility.swift */; };
		5203CA822705CE0500A15FEC /* HTTPURLResponse+LogRepresentation.swift in Sources */ = {isa = PBXBuildFile; fileRef = 5203CA7F2705CE0500A15FEC /* HTTPURLResponse+LogRepresentation.swift */; };
		5203CA832705CE0500A15FEC /* URLRequest+LogRepresentation.swift in Sources */ = {isa = PBXBuildFile; fileRef = 5203CA802705CE0500A15FEC /* URLRequest+LogRepresentation.swift */; };
		5203CA842705CE0500A15FEC /* AlamofireConsoleLogger.swift in Sources */ = {isa = PBXBuildFile; fileRef = 5203CA812705CE0500A15FEC /* AlamofireConsoleLogger.swift */; };
		5203CA8B2705DA3200A15FEC /* Photos.storyboard in Resources */ = {isa = PBXBuildFile; fileRef = 5203CA852705DA3200A15FEC /* Photos.storyboard */; };
		5203CA8C2705DA3200A15FEC /* PhotosInterfaces.swift in Sources */ = {isa = PBXBuildFile; fileRef = 5203CA862705DA3200A15FEC /* PhotosInterfaces.swift */; };
		5203CA8D2705DA3200A15FEC /* PhotosPresenter.swift in Sources */ = {isa = PBXBuildFile; fileRef = 5203CA872705DA3200A15FEC /* PhotosPresenter.swift */; };
		5203CA8E2705DA3200A15FEC /* PhotosViewController.swift in Sources */ = {isa = PBXBuildFile; fileRef = 5203CA882705DA3200A15FEC /* PhotosViewController.swift */; };
		5203CA8F2705DA3200A15FEC /* PhotosInteractor.swift in Sources */ = {isa = PBXBuildFile; fileRef = 5203CA892705DA3200A15FEC /* PhotosInteractor.swift */; };
		5203CA902705DA3200A15FEC /* PhotosWireframe.swift in Sources */ = {isa = PBXBuildFile; fileRef = 5203CA8A2705DA3200A15FEC /* PhotosWireframe.swift */; };
		5203CA932705E38A00A15FEC /* Signal+Utitlity.swift in Sources */ = {isa = PBXBuildFile; fileRef = 5203CA922705E38A00A15FEC /* Signal+Utitlity.swift */; };
		5203CA952705E56400A15FEC /* Refreshable.swift in Sources */ = {isa = PBXBuildFile; fileRef = 5203CA942705E56400A15FEC /* Refreshable.swift */; };
		5203CA982705E5F900A15FEC /* Progressable.swift in Sources */ = {isa = PBXBuildFile; fileRef = 5203CA972705E5F900A15FEC /* Progressable.swift */; };
		5203CA9B2705E72800A15FEC /* UIViewController+Progressable.swift in Sources */ = {isa = PBXBuildFile; fileRef = 5203CA9A2705E72800A15FEC /* UIViewController+Progressable.swift */; };
		5203CA9D2705E83300A15FEC /* Single+Progressable.swift in Sources */ = {isa = PBXBuildFile; fileRef = 5203CA9C2705E83300A15FEC /* Single+Progressable.swift */; };
		5203CA9F2705EC9B00A15FEC /* PhotosRouter.swift in Sources */ = {isa = PBXBuildFile; fileRef = 5203CA9E2705EC9B00A15FEC /* PhotosRouter.swift */; };
		5203CAA22705ED0100A15FEC /* PhotoModel.swift in Sources */ = {isa = PBXBuildFile; fileRef = 5203CAA12705ED0100A15FEC /* PhotoModel.swift */; };
		5203CAA62705F28300A15FEC /* PhotoTableViewCell.swift in Sources */ = {isa = PBXBuildFile; fileRef = 5203CAA42705F28300A15FEC /* PhotoTableViewCell.swift */; };
		5203CAA72705F28300A15FEC /* PhotoTableViewCell.xib in Resources */ = {isa = PBXBuildFile; fileRef = 5203CAA52705F28300A15FEC /* PhotoTableViewCell.xib */; };
		5203CAAA2705F2CA00A15FEC /* PhotoCellItem.swift in Sources */ = {isa = PBXBuildFile; fileRef = 5203CAA92705F2CA00A15FEC /* PhotoCellItem.swift */; };
		5203CAAD2706003A00A15FEC /* Paging.swift in Sources */ = {isa = PBXBuildFile; fileRef = 5203CAAC2706003A00A15FEC /* Paging.swift */; };
		5203CAAF27060D0200A15FEC /* UIScrollView+BottomDetection.swift in Sources */ = {isa = PBXBuildFile; fileRef = 5203CAAE27060D0200A15FEC /* UIScrollView+BottomDetection.swift */; };
		5203CAB32706120900A15FEC /* Driver+Utility.swift in Sources */ = {isa = PBXBuildFile; fileRef = 5203CAB22706120900A15FEC /* Driver+Utility.swift */; };
		529B2C642706491B0074D4C6 /* PaginationResponse.swift in Sources */ = {isa = PBXBuildFile; fileRef = 529B2C632706491B0074D4C6 /* PaginationResponse.swift */; };
		529B2C66270662020074D4C6 /* Observable+Progressable.swift in Sources */ = {isa = PBXBuildFile; fileRef = 529B2C65270662020074D4C6 /* Observable+Progressable.swift */; };
		529B2C69270671010074D4C6 /* UIColor+Image.swift in Sources */ = {isa = PBXBuildFile; fileRef = 529B2C68270671010074D4C6 /* UIColor+Image.swift */; };
		52DCD07F2703101D00928BAC /* AppDelegate.swift in Sources */ = {isa = PBXBuildFile; fileRef = 52DCD07E2703101D00928BAC /* AppDelegate.swift */; };
		52DCD0832703101D00928BAC /* ViewController.swift in Sources */ = {isa = PBXBuildFile; fileRef = 52DCD0822703101D00928BAC /* ViewController.swift */; };
		52DCD0862703101D00928BAC /* Main.storyboard in Resources */ = {isa = PBXBuildFile; fileRef = 52DCD0842703101D00928BAC /* Main.storyboard */; };
		52DCD0892703101D00928BAC /* PinchAssignment.xcdatamodeld in Sources */ = {isa = PBXBuildFile; fileRef = 52DCD0872703101D00928BAC /* PinchAssignment.xcdatamodeld */; };
		52DCD08B2703102000928BAC /* Assets.xcassets in Resources */ = {isa = PBXBuildFile; fileRef = 52DCD08A2703102000928BAC /* Assets.xcassets */; };
		52DCD08E2703102000928BAC /* LaunchScreen.storyboard in Resources */ = {isa = PBXBuildFile; fileRef = 52DCD08C2703102000928BAC /* LaunchScreen.storyboard */; };
		52DCD0992703102100928BAC /* PinchAssignmentTests.swift in Sources */ = {isa = PBXBuildFile; fileRef = 52DCD0982703102100928BAC /* PinchAssignmentTests.swift */; };
		52DCD0A32703102100928BAC /* PinchAssignmentUITests.swift in Sources */ = {isa = PBXBuildFile; fileRef = 52DCD0A22703102100928BAC /* PinchAssignmentUITests.swift */; };
		52DCD0A52703102100928BAC /* PinchAssignmentUITestsLaunchTests.swift in Sources */ = {isa = PBXBuildFile; fileRef = 52DCD0A42703102100928BAC /* PinchAssignmentUITestsLaunchTests.swift */; };
		F274094CAC33E75D2385CC7F /* Pods_PinchAssignmentUITests.framework in Frameworks */ = {isa = PBXBuildFile; fileRef = BD3DCF07F45E66B17A87EDF1 /* Pods_PinchAssignmentUITests.framework */; };
/* End PBXBuildFile section */

/* Begin PBXContainerItemProxy section */
		52DCD0952703102100928BAC /* PBXContainerItemProxy */ = {
			isa = PBXContainerItemProxy;
			containerPortal = 52DCD0732703101C00928BAC /* Project object */;
			proxyType = 1;
			remoteGlobalIDString = 52DCD07A2703101D00928BAC;
			remoteInfo = PinchAssignment;
		};
		52DCD09F2703102100928BAC /* PBXContainerItemProxy */ = {
			isa = PBXContainerItemProxy;
			containerPortal = 52DCD0732703101C00928BAC /* Project object */;
			proxyType = 1;
			remoteGlobalIDString = 52DCD07A2703101D00928BAC;
			remoteInfo = PinchAssignment;
		};
/* End PBXContainerItemProxy section */

/* Begin PBXFileReference section */
		1E9EBD4FB4BE6D5F1DF7CC92 /* Pods-PinchAssignmentUITests.productiondebug.xcconfig */ = {isa = PBXFileReference; includeInIndex = 1; lastKnownFileType = text.xcconfig; name = "Pods-PinchAssignmentUITests.productiondebug.xcconfig"; path = "Target Support Files/Pods-PinchAssignmentUITests/Pods-PinchAssignmentUITests.productiondebug.xcconfig"; sourceTree = "<group>"; };
		43AA25F35486CCBBDB9CD2E1 /* Pods-PinchAssignment.developmentdebug.xcconfig */ = {isa = PBXFileReference; includeInIndex = 1; lastKnownFileType = text.xcconfig; name = "Pods-PinchAssignment.developmentdebug.xcconfig"; path = "Target Support Files/Pods-PinchAssignment/Pods-PinchAssignment.developmentdebug.xcconfig"; sourceTree = "<group>"; };
		5203CA0927037A1D00A15FEC /* SessionManager.swift */ = {isa = PBXFileReference; lastKnownFileType = sourcecode.swift; path = SessionManager.swift; sourceTree = "<group>"; };
		5203CA0C27037C9C00A15FEC /* Routable.swift */ = {isa = PBXFileReference; lastKnownFileType = sourcecode.swift; path = Routable.swift; sourceTree = "<group>"; };
		5203CA0F27037D2F00A15FEC /* EncodableParams.swift */ = {isa = PBXFileReference; lastKnownFileType = sourcecode.swift; path = EncodableParams.swift; sourceTree = "<group>"; };
		5203CA1127037DB500A15FEC /* Router.swift */ = {isa = PBXFileReference; lastKnownFileType = sourcecode.swift; path = Router.swift; sourceTree = "<group>"; };
		5203CA1427037F0B00A15FEC /* APIService.swift */ = {isa = PBXFileReference; lastKnownFileType = sourcecode.swift; path = APIService.swift; sourceTree = "<group>"; };
		5203CA1727037FE700A15FEC /* DataRequest+Decodable.swift */ = {isa = PBXFileReference; lastKnownFileType = sourcecode.swift; path = "DataRequest+Decodable.swift"; sourceTree = "<group>"; };
		5203CA1C270380C400A15FEC /* Result+Rx.swift */ = {isa = PBXFileReference; lastKnownFileType = sourcecode.swift; path = "Result+Rx.swift"; sourceTree = "<group>"; };
		5203CA1E270380D000A15FEC /* Result+Map.swift */ = {isa = PBXFileReference; lastKnownFileType = sourcecode.swift; path = "Result+Map.swift"; sourceTree = "<group>"; };
		5203CA212703820300A15FEC /* APIService+Rx.swift */ = {isa = PBXFileReference; lastKnownFileType = sourcecode.swift; path = "APIService+Rx.swift"; sourceTree = "<group>"; };
		5203CA272704592700A15FEC /* BaseWireframe.swift */ = {isa = PBXFileReference; lastKnownFileType = sourcecode.swift; path = BaseWireframe.swift; sourceTree = "<group>"; };
		5203CA292704593A00A15FEC /* InteractorInterface.swift */ = {isa = PBXFileReference; lastKnownFileType = sourcecode.swift; path = InteractorInterface.swift; sourceTree = "<group>"; };
		5203CA2B2704595600A15FEC /* PresenterInterface.swift */ = {isa = PBXFileReference; lastKnownFileType = sourcecode.swift; path = PresenterInterface.swift; sourceTree = "<group>"; };
		5203CA2D2704596100A15FEC /* ViewInterface.swift */ = {isa = PBXFileReference; lastKnownFileType = sourcecode.swift; path = ViewInterface.swift; sourceTree = "<group>"; };
		5203CA2F27045A7B00A15FEC /* Albums.storyboard */ = {isa = PBXFileReference; lastKnownFileType = file.storyboard; path = Albums.storyboard; sourceTree = "<group>"; };
		5203CA3027045A7B00A15FEC /* AlbumsInterfaces.swift */ = {isa = PBXFileReference; lastKnownFileType = sourcecode.swift; path = AlbumsInterfaces.swift; sourceTree = "<group>"; };
		5203CA3127045A7B00A15FEC /* AlbumsPresenter.swift */ = {isa = PBXFileReference; lastKnownFileType = sourcecode.swift; path = AlbumsPresenter.swift; sourceTree = "<group>"; };
		5203CA3227045A7B00A15FEC /* AlbumsViewController.swift */ = {isa = PBXFileReference; lastKnownFileType = sourcecode.swift; path = AlbumsViewController.swift; sourceTree = "<group>"; };
		5203CA3327045A7B00A15FEC /* AlbumsInteractor.swift */ = {isa = PBXFileReference; lastKnownFileType = sourcecode.swift; path = AlbumsInteractor.swift; sourceTree = "<group>"; };
		5203CA3427045A7B00A15FEC /* AlbumsWireframe.swift */ = {isa = PBXFileReference; lastKnownFileType = sourcecode.swift; path = AlbumsWireframe.swift; sourceTree = "<group>"; };
		5203CA3D27045B0D00A15FEC /* UIStoryboard+Instantiate.swift */ = {isa = PBXFileReference; lastKnownFileType = sourcecode.swift; path = "UIStoryboard+Instantiate.swift"; sourceTree = "<group>"; };
		5203CA432704785B00A15FEC /* Album.swift */ = {isa = PBXFileReference; lastKnownFileType = sourcecode.swift; path = Album.swift; sourceTree = "<group>"; };
		5203CA4627047FAA00A15FEC /* AlbumRouter.swift */ = {isa = PBXFileReference; lastKnownFileType = sourcecode.swift; path = AlbumRouter.swift; sourceTree = "<group>"; };
		5203CA492704803C00A15FEC /* Constants.swift */ = {isa = PBXFileReference; lastKnownFileType = sourcecode.swift; path = Constants.swift; sourceTree = "<group>"; };
		5203CA4C2704971A00A15FEC /* StartupInitializerBuilder.swift */ = {isa = PBXFileReference; lastKnownFileType = sourcecode.swift; path = StartupInitializerBuilder.swift; sourceTree = "<group>"; };
		5203CA4F2704977500A15FEC /* Initializable.swift */ = {isa = PBXFileReference; lastKnownFileType = sourcecode.swift; path = Initializable.swift; sourceTree = "<group>"; };
		5203CA512704982700A15FEC /* InitialWireframeInitializer.swift */ = {isa = PBXFileReference; lastKnownFileType = sourcecode.swift; path = InitialWireframeInitializer.swift; sourceTree = "<group>"; };
		5203CA5527049FC700A15FEC /* BaseNavigationController.swift */ = {isa = PBXFileReference; lastKnownFileType = sourcecode.swift; path = BaseNavigationController.swift; sourceTree = "<group>"; };
		5203CA592705B4A000A15FEC /* TableViewReloader.swift */ = {isa = PBXFileReference; lastKnownFileType = sourcecode.swift; path = TableViewReloader.swift; sourceTree = "<group>"; };
		5203CA5C2705B67000A15FEC /* SectionItem.swift */ = {isa = PBXFileReference; lastKnownFileType = sourcecode.swift; path = SectionItem.swift; sourceTree = "<group>"; };
		5203CA5E2705B67800A15FEC /* CellItem.swift */ = {isa = PBXFileReference; lastKnownFileType = sourcecode.swift; path = CellItem.swift; sourceTree = "<group>"; };
		5203CA602705B69E00A15FEC /* TableCellItem.swift */ = {isa = PBXFileReference; lastKnownFileType = sourcecode.swift; path = TableCellItem.swift; sourceTree = "<group>"; };
		5203CA622705B6F600A15FEC /* TableSectionItem.swift */ = {isa = PBXFileReference; lastKnownFileType = sourcecode.swift; path = TableSectionItem.swift; sourceTree = "<group>"; };
		5203CA642705BC0300A15FEC /* TableDataSourceDelegate.swift */ = {isa = PBXFileReference; lastKnownFileType = sourcecode.swift; path = TableDataSourceDelegate.swift; sourceTree = "<group>"; };
		5203CA662705BC8A00A15FEC /* BlankTableSection.swift */ = {isa = PBXFileReference; lastKnownFileType = sourcecode.swift; path = BlankTableSection.swift; sourceTree = "<group>"; };
		5203CA682705BFD200A15FEC /* ReactiveDataSourceDelegate.swift */ = {isa = PBXFileReference; lastKnownFileType = sourcecode.swift; path = ReactiveDataSourceDelegate.swift; sourceTree = "<group>"; };
		5203CA6F2705C57A00A15FEC /* TitleTableViewCell.swift */ = {isa = PBXFileReference; lastKnownFileType = sourcecode.swift; path = TitleTableViewCell.swift; sourceTree = "<group>"; };
		5203CA702705C57A00A15FEC /* TitleTableViewCell.xib */ = {isa = PBXFileReference; lastKnownFileType = file.xib; path = TitleTableViewCell.xib; sourceTree = "<group>"; };
		5203CA732705C59D00A15FEC /* TitleCellItem.swift */ = {isa = PBXFileReference; lastKnownFileType = sourcecode.swift; path = TitleCellItem.swift; sourceTree = "<group>"; };
		5203CA762705C62300A15FEC /* UITableView+Dequeue.swift */ = {isa = PBXFileReference; lastKnownFileType = sourcecode.swift; path = "UITableView+Dequeue.swift"; sourceTree = "<group>"; };
		5203CA792705CAB800A15FEC /* Observable+Utility.swift */ = {isa = PBXFileReference; lastKnownFileType = sourcecode.swift; path = "Observable+Utility.swift"; sourceTree = "<group>"; };
		5203CA7C2705CB1100A15FEC /* Single+Utility.swift */ = {isa = PBXFileReference; lastKnownFileType = sourcecode.swift; path = "Single+Utility.swift"; sourceTree = "<group>"; };
		5203CA7F2705CE0500A15FEC /* HTTPURLResponse+LogRepresentation.swift */ = {isa = PBXFileReference; fileEncoding = 4; lastKnownFileType = sourcecode.swift; path = "HTTPURLResponse+LogRepresentation.swift"; sourceTree = "<group>"; };
		5203CA802705CE0500A15FEC /* URLRequest+LogRepresentation.swift */ = {isa = PBXFileReference; fileEncoding = 4; lastKnownFileType = sourcecode.swift; path = "URLRequest+LogRepresentation.swift"; sourceTree = "<group>"; };
		5203CA812705CE0500A15FEC /* AlamofireConsoleLogger.swift */ = {isa = PBXFileReference; fileEncoding = 4; lastKnownFileType = sourcecode.swift; path = AlamofireConsoleLogger.swift; sourceTree = "<group>"; };
		5203CA852705DA3200A15FEC /* Photos.storyboard */ = {isa = PBXFileReference; lastKnownFileType = file.storyboard; path = Photos.storyboard; sourceTree = "<group>"; };
		5203CA862705DA3200A15FEC /* PhotosInterfaces.swift */ = {isa = PBXFileReference; lastKnownFileType = sourcecode.swift; path = PhotosInterfaces.swift; sourceTree = "<group>"; };
		5203CA872705DA3200A15FEC /* PhotosPresenter.swift */ = {isa = PBXFileReference; lastKnownFileType = sourcecode.swift; path = PhotosPresenter.swift; sourceTree = "<group>"; };
		5203CA882705DA3200A15FEC /* PhotosViewController.swift */ = {isa = PBXFileReference; lastKnownFileType = sourcecode.swift; path = PhotosViewController.swift; sourceTree = "<group>"; };
		5203CA892705DA3200A15FEC /* PhotosInteractor.swift */ = {isa = PBXFileReference; lastKnownFileType = sourcecode.swift; path = PhotosInteractor.swift; sourceTree = "<group>"; };
		5203CA8A2705DA3200A15FEC /* PhotosWireframe.swift */ = {isa = PBXFileReference; lastKnownFileType = sourcecode.swift; path = PhotosWireframe.swift; sourceTree = "<group>"; };
		5203CA922705E38A00A15FEC /* Signal+Utitlity.swift */ = {isa = PBXFileReference; lastKnownFileType = sourcecode.swift; path = "Signal+Utitlity.swift"; sourceTree = "<group>"; };
		5203CA942705E56400A15FEC /* Refreshable.swift */ = {isa = PBXFileReference; lastKnownFileType = sourcecode.swift; path = Refreshable.swift; sourceTree = "<group>"; };
		5203CA972705E5F900A15FEC /* Progressable.swift */ = {isa = PBXFileReference; fileEncoding = 4; lastKnownFileType = sourcecode.swift; path = Progressable.swift; sourceTree = "<group>"; };
		5203CA9A2705E72800A15FEC /* UIViewController+Progressable.swift */ = {isa = PBXFileReference; lastKnownFileType = sourcecode.swift; path = "UIViewController+Progressable.swift"; sourceTree = "<group>"; };
		5203CA9C2705E83300A15FEC /* Single+Progressable.swift */ = {isa = PBXFileReference; lastKnownFileType = sourcecode.swift; path = "Single+Progressable.swift"; sourceTree = "<group>"; };
		5203CA9E2705EC9B00A15FEC /* PhotosRouter.swift */ = {isa = PBXFileReference; lastKnownFileType = sourcecode.swift; path = PhotosRouter.swift; sourceTree = "<group>"; };
		5203CAA12705ED0100A15FEC /* PhotoModel.swift */ = {isa = PBXFileReference; lastKnownFileType = sourcecode.swift; path = PhotoModel.swift; sourceTree = "<group>"; };
		5203CAA42705F28300A15FEC /* PhotoTableViewCell.swift */ = {isa = PBXFileReference; lastKnownFileType = sourcecode.swift; path = PhotoTableViewCell.swift; sourceTree = "<group>"; };
		5203CAA52705F28300A15FEC /* PhotoTableViewCell.xib */ = {isa = PBXFileReference; lastKnownFileType = file.xib; path = PhotoTableViewCell.xib; sourceTree = "<group>"; };
		5203CAA92705F2CA00A15FEC /* PhotoCellItem.swift */ = {isa = PBXFileReference; lastKnownFileType = sourcecode.swift; path = PhotoCellItem.swift; sourceTree = "<group>"; };
		5203CAAC2706003A00A15FEC /* Paging.swift */ = {isa = PBXFileReference; lastKnownFileType = sourcecode.swift; path = Paging.swift; sourceTree = "<group>"; };
		5203CAAE27060D0200A15FEC /* UIScrollView+BottomDetection.swift */ = {isa = PBXFileReference; lastKnownFileType = sourcecode.swift; path = "UIScrollView+BottomDetection.swift"; sourceTree = "<group>"; };
		5203CAB22706120900A15FEC /* Driver+Utility.swift */ = {isa = PBXFileReference; lastKnownFileType = sourcecode.swift; path = "Driver+Utility.swift"; sourceTree = "<group>"; };
		529B2C632706491B0074D4C6 /* PaginationResponse.swift */ = {isa = PBXFileReference; lastKnownFileType = sourcecode.swift; path = PaginationResponse.swift; sourceTree = "<group>"; };
		529B2C65270662020074D4C6 /* Observable+Progressable.swift */ = {isa = PBXFileReference; lastKnownFileType = sourcecode.swift; path = "Observable+Progressable.swift"; sourceTree = "<group>"; };
		529B2C68270671010074D4C6 /* UIColor+Image.swift */ = {isa = PBXFileReference; lastKnownFileType = sourcecode.swift; path = "UIColor+Image.swift"; sourceTree = "<group>"; };
		52DCD07B2703101D00928BAC /* PinchAssignment.app */ = {isa = PBXFileReference; explicitFileType = wrapper.application; includeInIndex = 0; path = PinchAssignment.app; sourceTree = BUILT_PRODUCTS_DIR; };
		52DCD07E2703101D00928BAC /* AppDelegate.swift */ = {isa = PBXFileReference; lastKnownFileType = sourcecode.swift; path = AppDelegate.swift; sourceTree = "<group>"; };
		52DCD0822703101D00928BAC /* ViewController.swift */ = {isa = PBXFileReference; lastKnownFileType = sourcecode.swift; path = ViewController.swift; sourceTree = "<group>"; };
		52DCD0852703101D00928BAC /* Base */ = {isa = PBXFileReference; lastKnownFileType = file.storyboard; name = Base; path = Base.lproj/Main.storyboard; sourceTree = "<group>"; };
		52DCD0882703101D00928BAC /* PinchAssignment.xcdatamodel */ = {isa = PBXFileReference; lastKnownFileType = wrapper.xcdatamodel; path = PinchAssignment.xcdatamodel; sourceTree = "<group>"; };
		52DCD08A2703102000928BAC /* Assets.xcassets */ = {isa = PBXFileReference; lastKnownFileType = folder.assetcatalog; path = Assets.xcassets; sourceTree = "<group>"; };
		52DCD08D2703102000928BAC /* Base */ = {isa = PBXFileReference; lastKnownFileType = file.storyboard; name = Base; path = Base.lproj/LaunchScreen.storyboard; sourceTree = "<group>"; };
		52DCD08F2703102000928BAC /* Info.plist */ = {isa = PBXFileReference; lastKnownFileType = text.plist.xml; path = Info.plist; sourceTree = "<group>"; };
		52DCD0942703102100928BAC /* PinchAssignmentTests.xctest */ = {isa = PBXFileReference; explicitFileType = wrapper.cfbundle; includeInIndex = 0; path = PinchAssignmentTests.xctest; sourceTree = BUILT_PRODUCTS_DIR; };
		52DCD0982703102100928BAC /* PinchAssignmentTests.swift */ = {isa = PBXFileReference; lastKnownFileType = sourcecode.swift; path = PinchAssignmentTests.swift; sourceTree = "<group>"; };
		52DCD09E2703102100928BAC /* PinchAssignmentUITests.xctest */ = {isa = PBXFileReference; explicitFileType = wrapper.cfbundle; includeInIndex = 0; path = PinchAssignmentUITests.xctest; sourceTree = BUILT_PRODUCTS_DIR; };
		52DCD0A22703102100928BAC /* PinchAssignmentUITests.swift */ = {isa = PBXFileReference; lastKnownFileType = sourcecode.swift; path = PinchAssignmentUITests.swift; sourceTree = "<group>"; };
		52DCD0A42703102100928BAC /* PinchAssignmentUITestsLaunchTests.swift */ = {isa = PBXFileReference; lastKnownFileType = sourcecode.swift; path = PinchAssignmentUITestsLaunchTests.swift; sourceTree = "<group>"; };
		52DCD0B82703341100928BAC /* ProductionRelease.xcconfig */ = {isa = PBXFileReference; lastKnownFileType = text.xcconfig; path = ProductionRelease.xcconfig; sourceTree = "<group>"; };
		52DCD0B92703352500928BAC /* AppShared.xcconfig */ = {isa = PBXFileReference; lastKnownFileType = text.xcconfig; path = AppShared.xcconfig; sourceTree = "<group>"; };
		52DCD0BC2703355500928BAC /* ProductionDebug.xcconfig */ = {isa = PBXFileReference; lastKnownFileType = text.xcconfig; path = ProductionDebug.xcconfig; sourceTree = "<group>"; };
		52DCD0BD2703356200928BAC /* DevelopmentRelease.xcconfig */ = {isa = PBXFileReference; lastKnownFileType = text.xcconfig; path = DevelopmentRelease.xcconfig; sourceTree = "<group>"; };
		52DCD0BE2703357200928BAC /* DevelopmentDebug.xcconfig */ = {isa = PBXFileReference; lastKnownFileType = text.xcconfig; path = DevelopmentDebug.xcconfig; sourceTree = "<group>"; };
		52DCD0BF2703364E00928BAC /* ProductionShared.xcconfig */ = {isa = PBXFileReference; lastKnownFileType = text.xcconfig; path = ProductionShared.xcconfig; sourceTree = "<group>"; };
		52DCD0C02703368700928BAC /* DevelopmentShared.xcconfig */ = {isa = PBXFileReference; lastKnownFileType = text.xcconfig; path = DevelopmentShared.xcconfig; sourceTree = "<group>"; };
		80F9ADBC737C98744AF1C65D /* Pods-PinchAssignment.developmentrelease.xcconfig */ = {isa = PBXFileReference; includeInIndex = 1; lastKnownFileType = text.xcconfig; name = "Pods-PinchAssignment.developmentrelease.xcconfig"; path = "Target Support Files/Pods-PinchAssignment/Pods-PinchAssignment.developmentrelease.xcconfig"; sourceTree = "<group>"; };
		8BEA0E9A3FFF46E76FF98F43 /* Pods_PinchAssignment.framework */ = {isa = PBXFileReference; explicitFileType = wrapper.framework; includeInIndex = 0; path = Pods_PinchAssignment.framework; sourceTree = BUILT_PRODUCTS_DIR; };
		AFE95854213A3916258C1629 /* Pods-PinchAssignment.productiondebug.xcconfig */ = {isa = PBXFileReference; includeInIndex = 1; lastKnownFileType = text.xcconfig; name = "Pods-PinchAssignment.productiondebug.xcconfig"; path = "Target Support Files/Pods-PinchAssignment/Pods-PinchAssignment.productiondebug.xcconfig"; sourceTree = "<group>"; };
		B5237F58F7FA15D7667FF7BC /* Pods-PinchAssignmentUITests.developmentdebug.xcconfig */ = {isa = PBXFileReference; includeInIndex = 1; lastKnownFileType = text.xcconfig; name = "Pods-PinchAssignmentUITests.developmentdebug.xcconfig"; path = "Target Support Files/Pods-PinchAssignmentUITests/Pods-PinchAssignmentUITests.developmentdebug.xcconfig"; sourceTree = "<group>"; };
		BD3DCF07F45E66B17A87EDF1 /* Pods_PinchAssignmentUITests.framework */ = {isa = PBXFileReference; explicitFileType = wrapper.framework; includeInIndex = 0; path = Pods_PinchAssignmentUITests.framework; sourceTree = BUILT_PRODUCTS_DIR; };
		CC17D6BC3D64E587E4C5200C /* Pods-PinchAssignment.productionrelease.xcconfig */ = {isa = PBXFileReference; includeInIndex = 1; lastKnownFileType = text.xcconfig; name = "Pods-PinchAssignment.productionrelease.xcconfig"; path = "Target Support Files/Pods-PinchAssignment/Pods-PinchAssignment.productionrelease.xcconfig"; sourceTree = "<group>"; };
		E045BCAC4833FFF5D2880062 /* Pods-PinchAssignmentUITests.developmentrelease.xcconfig */ = {isa = PBXFileReference; includeInIndex = 1; lastKnownFileType = text.xcconfig; name = "Pods-PinchAssignmentUITests.developmentrelease.xcconfig"; path = "Target Support Files/Pods-PinchAssignmentUITests/Pods-PinchAssignmentUITests.developmentrelease.xcconfig"; sourceTree = "<group>"; };
		F587B206F9CBFA9C3EA0EE74 /* Pods-PinchAssignmentUITests.productionrelease.xcconfig */ = {isa = PBXFileReference; includeInIndex = 1; lastKnownFileType = text.xcconfig; name = "Pods-PinchAssignmentUITests.productionrelease.xcconfig"; path = "Target Support Files/Pods-PinchAssignmentUITests/Pods-PinchAssignmentUITests.productionrelease.xcconfig"; sourceTree = "<group>"; };
/* End PBXFileReference section */

/* Begin PBXFrameworksBuildPhase section */
		52DCD0782703101D00928BAC /* Frameworks */ = {
			isa = PBXFrameworksBuildPhase;
			buildActionMask = 2147483647;
			files = (
				06B0788BD6B12895A3FEEF54 /* Pods_PinchAssignment.framework in Frameworks */,
			);
			runOnlyForDeploymentPostprocessing = 0;
		};
		52DCD0912703102100928BAC /* Frameworks */ = {
			isa = PBXFrameworksBuildPhase;
			buildActionMask = 2147483647;
			files = (
			);
			runOnlyForDeploymentPostprocessing = 0;
		};
		52DCD09B2703102100928BAC /* Frameworks */ = {
			isa = PBXFrameworksBuildPhase;
			buildActionMask = 2147483647;
			files = (
				F274094CAC33E75D2385CC7F /* Pods_PinchAssignmentUITests.framework in Frameworks */,
			);
			runOnlyForDeploymentPostprocessing = 0;
		};
/* End PBXFrameworksBuildPhase section */

/* Begin PBXGroup section */
		39F925CF90A5EA63F28D7655 /* Frameworks */ = {
			isa = PBXGroup;
			children = (
				8BEA0E9A3FFF46E76FF98F43 /* Pods_PinchAssignment.framework */,
				BD3DCF07F45E66B17A87EDF1 /* Pods_PinchAssignmentUITests.framework */,
			);
			name = Frameworks;
			sourceTree = "<group>";
		};
		4156494075B0BD5B6EAEEA51 /* Pods */ = {
			isa = PBXGroup;
			children = (
				AFE95854213A3916258C1629 /* Pods-PinchAssignment.productiondebug.xcconfig */,
				43AA25F35486CCBBDB9CD2E1 /* Pods-PinchAssignment.developmentdebug.xcconfig */,
				80F9ADBC737C98744AF1C65D /* Pods-PinchAssignment.developmentrelease.xcconfig */,
				CC17D6BC3D64E587E4C5200C /* Pods-PinchAssignment.productionrelease.xcconfig */,
				1E9EBD4FB4BE6D5F1DF7CC92 /* Pods-PinchAssignmentUITests.productiondebug.xcconfig */,
				B5237F58F7FA15D7667FF7BC /* Pods-PinchAssignmentUITests.developmentdebug.xcconfig */,
				E045BCAC4833FFF5D2880062 /* Pods-PinchAssignmentUITests.developmentrelease.xcconfig */,
				F587B206F9CBFA9C3EA0EE74 /* Pods-PinchAssignmentUITests.productionrelease.xcconfig */,
			);
			path = Pods;
			sourceTree = "<group>";
		};
		5203CA072703799F00A15FEC /* Networking */ = {
			isa = PBXGroup;
			children = (
				5203CA7E2705CE0500A15FEC /* Logger */,
				5203CA1627037FCA00A15FEC /* DecodableAlamofire */,
				5203CA0827037A0E00A15FEC /* SessionManager */,
				5203CA1327037EAC00A15FEC /* APIService */,
				5203CA0E27037CF900A15FEC /* Encoding */,
				5203CAAB2706000400A15FEC /* Paging */,
				5203CA20270381F200A15FEC /* Rx */,
				5203CA0B27037C7B00A15FEC /* Routers */,
				5203CA412704783800A15FEC /* Models */,
			);
			path = Networking;
			sourceTree = "<group>";
		};
		5203CA0827037A0E00A15FEC /* SessionManager */ = {
			isa = PBXGroup;
			children = (
				5203CA0927037A1D00A15FEC /* SessionManager.swift */,
			);
			path = SessionManager;
			sourceTree = "<group>";
		};
		5203CA0B27037C7B00A15FEC /* Routers */ = {
			isa = PBXGroup;
			children = (
				5203CA0C27037C9C00A15FEC /* Routable.swift */,
				5203CA1127037DB500A15FEC /* Router.swift */,
				5203CA4627047FAA00A15FEC /* AlbumRouter.swift */,
				5203CA9E2705EC9B00A15FEC /* PhotosRouter.swift */,
			);
			path = Routers;
			sourceTree = "<group>";
		};
		5203CA0E27037CF900A15FEC /* Encoding */ = {
			isa = PBXGroup;
			children = (
				5203CA0F27037D2F00A15FEC /* EncodableParams.swift */,
			);
			path = Encoding;
			sourceTree = "<group>";
		};
		5203CA1327037EAC00A15FEC /* APIService */ = {
			isa = PBXGroup;
			children = (
				5203CA1427037F0B00A15FEC /* APIService.swift */,
			);
			path = APIService;
			sourceTree = "<group>";
		};
		5203CA1627037FCA00A15FEC /* DecodableAlamofire */ = {
			isa = PBXGroup;
			children = (
				5203CA1727037FE700A15FEC /* DataRequest+Decodable.swift */,
			);
			path = DecodableAlamofire;
			sourceTree = "<group>";
		};
		5203CA192703808500A15FEC /* Extensions */ = {
			isa = PBXGroup;
			children = (
				5203CA1A2703809E00A15FEC /* Foundation */,
				5203CA3B27045A9C00A15FEC /* UI */,
				5203CA6A2705C03000A15FEC /* Rx */,
			);
			path = Extensions;
			sourceTree = "<group>";
		};
		5203CA1A2703809E00A15FEC /* Foundation */ = {
			isa = PBXGroup;
			children = (
				5203CA1B270380B500A15FEC /* Result */,
			);
			path = Foundation;
			sourceTree = "<group>";
		};
		5203CA1B270380B500A15FEC /* Result */ = {
			isa = PBXGroup;
			children = (
				5203CA1C270380C400A15FEC /* Result+Rx.swift */,
				5203CA1E270380D000A15FEC /* Result+Map.swift */,
			);
			path = Result;
			sourceTree = "<group>";
		};
		5203CA20270381F200A15FEC /* Rx */ = {
			isa = PBXGroup;
			children = (
				5203CA212703820300A15FEC /* APIService+Rx.swift */,
			);
			path = Rx;
			sourceTree = "<group>";
		};
		5203CA23270388C400A15FEC /* Albums */ = {
			isa = PBXGroup;
			children = (
				5203CA2F27045A7B00A15FEC /* Albums.storyboard */,
				5203CA3027045A7B00A15FEC /* AlbumsInterfaces.swift */,
				5203CA3127045A7B00A15FEC /* AlbumsPresenter.swift */,
				5203CA3227045A7B00A15FEC /* AlbumsViewController.swift */,
				5203CA3327045A7B00A15FEC /* AlbumsInteractor.swift */,
				5203CA3427045A7B00A15FEC /* AlbumsWireframe.swift */,
			);
			path = Albums;
			sourceTree = "<group>";
		};
		5203CA24270388CC00A15FEC /* Photos */ = {
			isa = PBXGroup;
			children = (
				5203CAA32705F23F00A15FEC /* TableCell */,
				5203CA852705DA3200A15FEC /* Photos.storyboard */,
				5203CA862705DA3200A15FEC /* PhotosInterfaces.swift */,
				5203CA872705DA3200A15FEC /* PhotosPresenter.swift */,
				5203CA882705DA3200A15FEC /* PhotosViewController.swift */,
				5203CA892705DA3200A15FEC /* PhotosInteractor.swift */,
				5203CA8A2705DA3200A15FEC /* PhotosWireframe.swift */,
			);
			path = Photos;
			sourceTree = "<group>";
		};
		5203CA25270388D500A15FEC /* PhotoDetails */ = {
			isa = PBXGroup;
			children = (
			);
			path = PhotoDetails;
			sourceTree = "<group>";
		};
		5203CA262704590A00A15FEC /* VIPER Interfaces */ = {
			isa = PBXGroup;
			children = (
				5203CA272704592700A15FEC /* BaseWireframe.swift */,
				5203CA292704593A00A15FEC /* InteractorInterface.swift */,
				5203CA2B2704595600A15FEC /* PresenterInterface.swift */,
				5203CA2D2704596100A15FEC /* ViewInterface.swift */,
				5203CA942705E56400A15FEC /* Refreshable.swift */,
			);
			path = "VIPER Interfaces";
			sourceTree = "<group>";
		};
		5203CA3B27045A9C00A15FEC /* UI */ = {
			isa = PBXGroup;
			children = (
				5203CAB027060E7800A15FEC /* ScrollView */,
				5203CA752705C60C00A15FEC /* TableView */,
				5203CA3C27045AB500A15FEC /* Storyboard */,
				529B2C67270670E40074D4C6 /* Color */,
			);
			path = UI;
			sourceTree = "<group>";
		};
		5203CA3C27045AB500A15FEC /* Storyboard */ = {
			isa = PBXGroup;
			children = (
				5203CA3D27045B0D00A15FEC /* UIStoryboard+Instantiate.swift */,
			);
			path = Storyboard;
			sourceTree = "<group>";
		};
		5203CA412704783800A15FEC /* Models */ = {
			isa = PBXGroup;
			children = (
				529B2C62270648FD0074D4C6 /* Pagination */,
				5203CAA02705ECF100A15FEC /* Photo */,
				5203CA422704784500A15FEC /* Album */,
			);
			path = Models;
			sourceTree = "<group>";
		};
		5203CA422704784500A15FEC /* Album */ = {
			isa = PBXGroup;
			children = (
				5203CA432704785B00A15FEC /* Album.swift */,
			);
			path = Album;
			sourceTree = "<group>";
		};
		5203CA482704802400A15FEC /* Constants */ = {
			isa = PBXGroup;
			children = (
				5203CA492704803C00A15FEC /* Constants.swift */,
			);
			path = Constants;
			sourceTree = "<group>";
		};
		5203CA4B270496F300A15FEC /* Initializers */ = {
			isa = PBXGroup;
			children = (
				5203CA4F2704977500A15FEC /* Initializable.swift */,
				5203CA4C2704971A00A15FEC /* StartupInitializerBuilder.swift */,
				5203CA512704982700A15FEC /* InitialWireframeInitializer.swift */,
			);
			path = Initializers;
			sourceTree = "<group>";
		};
		5203CA5327049FA200A15FEC /* UI */ = {
			isa = PBXGroup;
			children = (
				5203CA992705E6FC00A15FEC /* Progressable */,
				5203CA5B2705B4C500A15FEC /* TableView */,
				5203CA5427049FB100A15FEC /* Controllers */,
				5203CA6C2705C1C800A15FEC /* Cells */,
			);
			path = UI;
			sourceTree = "<group>";
		};
		5203CA5427049FB100A15FEC /* Controllers */ = {
			isa = PBXGroup;
			children = (
				5203CA5527049FC700A15FEC /* BaseNavigationController.swift */,
			);
			path = Controllers;
			sourceTree = "<group>";
		};
		5203CA572705B44C00A15FEC /* DataSourceDelegate */ = {
			isa = PBXGroup;
			children = (
				5203CA582705B49000A15FEC /* Reloader */,
				5203CA642705BC0300A15FEC /* TableDataSourceDelegate.swift */,
				5203CA662705BC8A00A15FEC /* BlankTableSection.swift */,
				5203CA682705BFD200A15FEC /* ReactiveDataSourceDelegate.swift */,
			);
			path = DataSourceDelegate;
			sourceTree = "<group>";
		};
		5203CA582705B49000A15FEC /* Reloader */ = {
			isa = PBXGroup;
			children = (
				5203CA592705B4A000A15FEC /* TableViewReloader.swift */,
			);
			path = Reloader;
			sourceTree = "<group>";
		};
		5203CA5B2705B4C500A15FEC /* TableView */ = {
			isa = PBXGroup;
			children = (
				5203CA5C2705B67000A15FEC /* SectionItem.swift */,
				5203CA5E2705B67800A15FEC /* CellItem.swift */,
				5203CA602705B69E00A15FEC /* TableCellItem.swift */,
				5203CA622705B6F600A15FEC /* TableSectionItem.swift */,
			);
			path = TableView;
			sourceTree = "<group>";
		};
		5203CA6A2705C03000A15FEC /* Rx */ = {
			isa = PBXGroup;
			children = (
				5203CAB1270611F300A15FEC /* Driver */,
				5203CA912705E36F00A15FEC /* Signal */,
				5203CA7B2705CB0000A15FEC /* Single */,
				5203CA782705CAA200A15FEC /* Observable */,
			);
			path = Rx;
			sourceTree = "<group>";
		};
		5203CA6C2705C1C800A15FEC /* Cells */ = {
			isa = PBXGroup;
			children = (
				5203CA6D2705C51E00A15FEC /* TitleCell */,
			);
			path = Cells;
			sourceTree = "<group>";
		};
		5203CA6D2705C51E00A15FEC /* TitleCell */ = {
			isa = PBXGroup;
			children = (
				5203CA6E2705C53F00A15FEC /* Item */,
				5203CA6F2705C57A00A15FEC /* TitleTableViewCell.swift */,
				5203CA702705C57A00A15FEC /* TitleTableViewCell.xib */,
			);
			path = TitleCell;
			sourceTree = "<group>";
		};
		5203CA6E2705C53F00A15FEC /* Item */ = {
			isa = PBXGroup;
			children = (
				5203CA732705C59D00A15FEC /* TitleCellItem.swift */,
			);
			path = Item;
			sourceTree = "<group>";
		};
		5203CA752705C60C00A15FEC /* TableView */ = {
			isa = PBXGroup;
			children = (
				5203CA762705C62300A15FEC /* UITableView+Dequeue.swift */,
			);
			path = TableView;
			sourceTree = "<group>";
		};
		5203CA782705CAA200A15FEC /* Observable */ = {
			isa = PBXGroup;
			children = (
				5203CA792705CAB800A15FEC /* Observable+Utility.swift */,
				529B2C65270662020074D4C6 /* Observable+Progressable.swift */,
			);
			path = Observable;
			sourceTree = "<group>";
		};
		5203CA7B2705CB0000A15FEC /* Single */ = {
			isa = PBXGroup;
			children = (
				5203CA7C2705CB1100A15FEC /* Single+Utility.swift */,
			);
			path = Single;
			sourceTree = "<group>";
		};
		5203CA7E2705CE0500A15FEC /* Logger */ = {
			isa = PBXGroup;
			children = (
				5203CA7F2705CE0500A15FEC /* HTTPURLResponse+LogRepresentation.swift */,
				5203CA802705CE0500A15FEC /* URLRequest+LogRepresentation.swift */,
				5203CA812705CE0500A15FEC /* AlamofireConsoleLogger.swift */,
			);
			path = Logger;
			sourceTree = "<group>";
		};
		5203CA912705E36F00A15FEC /* Signal */ = {
			isa = PBXGroup;
			children = (
				5203CA922705E38A00A15FEC /* Signal+Utitlity.swift */,
				5203CA9C2705E83300A15FEC /* Single+Progressable.swift */,
			);
			path = Signal;
			sourceTree = "<group>";
		};
		5203CA962705E5A200A15FEC /* Protocols */ = {
			isa = PBXGroup;
			children = (
				5203CA972705E5F900A15FEC /* Progressable.swift */,
			);
			path = Protocols;
			sourceTree = "<group>";
		};
		5203CA992705E6FC00A15FEC /* Progressable */ = {
			isa = PBXGroup;
			children = (
				5203CA9A2705E72800A15FEC /* UIViewController+Progressable.swift */,
			);
			path = Progressable;
			sourceTree = "<group>";
		};
		5203CAA02705ECF100A15FEC /* Photo */ = {
			isa = PBXGroup;
			children = (
				5203CAA12705ED0100A15FEC /* PhotoModel.swift */,
			);
			path = Photo;
			sourceTree = "<group>";
		};
		5203CAA32705F23F00A15FEC /* TableCell */ = {
			isa = PBXGroup;
			children = (
				5203CAA82705F28700A15FEC /* Item */,
				5203CAA42705F28300A15FEC /* PhotoTableViewCell.swift */,
				5203CAA52705F28300A15FEC /* PhotoTableViewCell.xib */,
			);
			path = TableCell;
			sourceTree = "<group>";
		};
		5203CAA82705F28700A15FEC /* Item */ = {
			isa = PBXGroup;
			children = (
				5203CAA92705F2CA00A15FEC /* PhotoCellItem.swift */,
			);
			path = Item;
			sourceTree = "<group>";
		};
		5203CAAB2706000400A15FEC /* Paging */ = {
			isa = PBXGroup;
			children = (
				5203CAAC2706003A00A15FEC /* Paging.swift */,
			);
			path = Paging;
			sourceTree = "<group>";
		};
		5203CAB027060E7800A15FEC /* ScrollView */ = {
			isa = PBXGroup;
			children = (
				5203CAAE27060D0200A15FEC /* UIScrollView+BottomDetection.swift */,
			);
			path = ScrollView;
			sourceTree = "<group>";
		};
		5203CAB1270611F300A15FEC /* Driver */ = {
			isa = PBXGroup;
			children = (
				5203CAB22706120900A15FEC /* Driver+Utility.swift */,
			);
			path = Driver;
			sourceTree = "<group>";
		};
		529B2C62270648FD0074D4C6 /* Pagination */ = {
			isa = PBXGroup;
			children = (
				529B2C632706491B0074D4C6 /* PaginationResponse.swift */,
			);
			path = Pagination;
			sourceTree = "<group>";
		};
		529B2C67270670E40074D4C6 /* Color */ = {
			isa = PBXGroup;
			children = (
				529B2C68270671010074D4C6 /* UIColor+Image.swift */,
			);
			path = Color;
			sourceTree = "<group>";
		};
		52DCD0722703101C00928BAC = {
			isa = PBXGroup;
			children = (
				52DCD07D2703101D00928BAC /* PinchAssignment */,
				52DCD0972703102100928BAC /* PinchAssignmentTests */,
				52DCD0A12703102100928BAC /* PinchAssignmentUITests */,
				52DCD07C2703101D00928BAC /* Products */,
				4156494075B0BD5B6EAEEA51 /* Pods */,
				39F925CF90A5EA63F28D7655 /* Frameworks */,
			);
			sourceTree = "<group>";
		};
		52DCD07C2703101D00928BAC /* Products */ = {
			isa = PBXGroup;
			children = (
				52DCD07B2703101D00928BAC /* PinchAssignment.app */,
				52DCD0942703102100928BAC /* PinchAssignmentTests.xctest */,
				52DCD09E2703102100928BAC /* PinchAssignmentUITests.xctest */,
			);
			name = Products;
			sourceTree = "<group>";
		};
		52DCD07D2703101D00928BAC /* PinchAssignment */ = {
			isa = PBXGroup;
			children = (
				52DCD0B12703102E00928BAC /* Application */,
				52DCD0B22703103700928BAC /* Common */,
				52DCD0B32703103E00928BAC /* Modules */,
				52DCD0B42703104700928BAC /* Resources */,
				52DCD0B52703107000928BAC /* SupportingFiles */,
				52DCD0822703101D00928BAC /* ViewController.swift */,
				52DCD0842703101D00928BAC /* Main.storyboard */,
				52DCD0872703101D00928BAC /* PinchAssignment.xcdatamodeld */,
			);
			path = PinchAssignment;
			sourceTree = "<group>";
		};
		52DCD0972703102100928BAC /* PinchAssignmentTests */ = {
			isa = PBXGroup;
			children = (
				52DCD0982703102100928BAC /* PinchAssignmentTests.swift */,
			);
			path = PinchAssignmentTests;
			sourceTree = "<group>";
		};
		52DCD0A12703102100928BAC /* PinchAssignmentUITests */ = {
			isa = PBXGroup;
			children = (
				52DCD0A22703102100928BAC /* PinchAssignmentUITests.swift */,
				52DCD0A42703102100928BAC /* PinchAssignmentUITestsLaunchTests.swift */,
			);
			path = PinchAssignmentUITests;
			sourceTree = "<group>";
		};
		52DCD0B12703102E00928BAC /* Application */ = {
			isa = PBXGroup;
			children = (
				52DCD07E2703101D00928BAC /* AppDelegate.swift */,
				5203CA4B270496F300A15FEC /* Initializers */,
				5203CA482704802400A15FEC /* Constants */,
			);
			path = Application;
			sourceTree = "<group>";
		};
		52DCD0B22703103700928BAC /* Common */ = {
			isa = PBXGroup;
			children = (
				5203CA262704590A00A15FEC /* VIPER Interfaces */,
				5203CA5327049FA200A15FEC /* UI */,
				5203CA072703799F00A15FEC /* Networking */,
				5203CA192703808500A15FEC /* Extensions */,
				5203CA572705B44C00A15FEC /* DataSourceDelegate */,
				5203CA962705E5A200A15FEC /* Protocols */,
			);
			path = Common;
			sourceTree = "<group>";
		};
		52DCD0B32703103E00928BAC /* Modules */ = {
			isa = PBXGroup;
			children = (
				5203CA23270388C400A15FEC /* Albums */,
				5203CA24270388CC00A15FEC /* Photos */,
				5203CA25270388D500A15FEC /* PhotoDetails */,
			);
			path = Modules;
			sourceTree = "<group>";
		};
		52DCD0B42703104700928BAC /* Resources */ = {
			isa = PBXGroup;
			children = (
				52DCD08C2703102000928BAC /* LaunchScreen.storyboard */,
				52DCD08A2703102000928BAC /* Assets.xcassets */,
			);
			path = Resources;
			sourceTree = "<group>";
		};
		52DCD0B52703107000928BAC /* SupportingFiles */ = {
			isa = PBXGroup;
			children = (
				52DCD0B62703236300928BAC /* Configurations */,
				52DCD0B72703237A00928BAC /* Plists */,
			);
			path = SupportingFiles;
			sourceTree = "<group>";
		};
		52DCD0B62703236300928BAC /* Configurations */ = {
			isa = PBXGroup;
			children = (
				52DCD0B92703352500928BAC /* AppShared.xcconfig */,
				52DCD0BA2703352A00928BAC /* Production */,
				52DCD0BB2703353100928BAC /* Development */,
			);
			path = Configurations;
			sourceTree = "<group>";
		};
		52DCD0B72703237A00928BAC /* Plists */ = {
			isa = PBXGroup;
			children = (
				52DCD08F2703102000928BAC /* Info.plist */,
			);
			path = Plists;
			sourceTree = "<group>";
		};
		52DCD0BA2703352A00928BAC /* Production */ = {
			isa = PBXGroup;
			children = (
				52DCD0BF2703364E00928BAC /* ProductionShared.xcconfig */,
				52DCD0B82703341100928BAC /* ProductionRelease.xcconfig */,
				52DCD0BC2703355500928BAC /* ProductionDebug.xcconfig */,
			);
			path = Production;
			sourceTree = "<group>";
		};
		52DCD0BB2703353100928BAC /* Development */ = {
			isa = PBXGroup;
			children = (
				52DCD0C02703368700928BAC /* DevelopmentShared.xcconfig */,
				52DCD0BD2703356200928BAC /* DevelopmentRelease.xcconfig */,
				52DCD0BE2703357200928BAC /* DevelopmentDebug.xcconfig */,
			);
			path = Development;
			sourceTree = "<group>";
		};
/* End PBXGroup section */

/* Begin PBXNativeTarget section */
		52DCD07A2703101D00928BAC /* PinchAssignment */ = {
			isa = PBXNativeTarget;
			buildConfigurationList = 52DCD0A82703102100928BAC /* Build configuration list for PBXNativeTarget "PinchAssignment" */;
			buildPhases = (
				400BB9D59290AB142722B5BE /* [CP] Check Pods Manifest.lock */,
				52DCD0772703101D00928BAC /* Sources */,
				52DCD0782703101D00928BAC /* Frameworks */,
				52DCD0792703101D00928BAC /* Resources */,
				FD6972096595F49F8CBA4223 /* [CP] Embed Pods Frameworks */,
			);
			buildRules = (
			);
			dependencies = (
			);
			name = PinchAssignment;
			productName = PinchAssignment;
			productReference = 52DCD07B2703101D00928BAC /* PinchAssignment.app */;
			productType = "com.apple.product-type.application";
		};
		52DCD0932703102100928BAC /* PinchAssignmentTests */ = {
			isa = PBXNativeTarget;
			buildConfigurationList = 52DCD0AB2703102100928BAC /* Build configuration list for PBXNativeTarget "PinchAssignmentTests" */;
			buildPhases = (
				52DCD0902703102100928BAC /* Sources */,
				52DCD0912703102100928BAC /* Frameworks */,
				52DCD0922703102100928BAC /* Resources */,
			);
			buildRules = (
			);
			dependencies = (
				52DCD0962703102100928BAC /* PBXTargetDependency */,
			);
			name = PinchAssignmentTests;
			productName = PinchAssignmentTests;
			productReference = 52DCD0942703102100928BAC /* PinchAssignmentTests.xctest */;
			productType = "com.apple.product-type.bundle.unit-test";
		};
		52DCD09D2703102100928BAC /* PinchAssignmentUITests */ = {
			isa = PBXNativeTarget;
			buildConfigurationList = 52DCD0AE2703102100928BAC /* Build configuration list for PBXNativeTarget "PinchAssignmentUITests" */;
			buildPhases = (
				AA50AA00EDE5472C0F637798 /* [CP] Check Pods Manifest.lock */,
				52DCD09A2703102100928BAC /* Sources */,
				52DCD09B2703102100928BAC /* Frameworks */,
				52DCD09C2703102100928BAC /* Resources */,
				8A6C6D8CF174730A3E9B1069 /* [CP] Embed Pods Frameworks */,
			);
			buildRules = (
			);
			dependencies = (
				52DCD0A02703102100928BAC /* PBXTargetDependency */,
			);
			name = PinchAssignmentUITests;
			productName = PinchAssignmentUITests;
			productReference = 52DCD09E2703102100928BAC /* PinchAssignmentUITests.xctest */;
			productType = "com.apple.product-type.bundle.ui-testing";
		};
/* End PBXNativeTarget section */

/* Begin PBXProject section */
		52DCD0732703101C00928BAC /* Project object */ = {
			isa = PBXProject;
			attributes = {
				BuildIndependentTargetsInParallel = NO;
				LastSwiftUpdateCheck = 1300;
				LastUpgradeCheck = 1300;
				TargetAttributes = {
					52DCD07A2703101D00928BAC = {
						CreatedOnToolsVersion = 13.0;
					};
					52DCD0932703102100928BAC = {
						CreatedOnToolsVersion = 13.0;
						TestTargetID = 52DCD07A2703101D00928BAC;
					};
					52DCD09D2703102100928BAC = {
						CreatedOnToolsVersion = 13.0;
						TestTargetID = 52DCD07A2703101D00928BAC;
					};
				};
			};
			buildConfigurationList = 52DCD0762703101C00928BAC /* Build configuration list for PBXProject "PinchAssignment" */;
			compatibilityVersion = "Xcode 12.0";
			developmentRegion = en;
			hasScannedForEncodings = 0;
			knownRegions = (
				en,
				Base,
			);
			mainGroup = 52DCD0722703101C00928BAC;
			productRefGroup = 52DCD07C2703101D00928BAC /* Products */;
			projectDirPath = "";
			projectRoot = "";
			targets = (
				52DCD07A2703101D00928BAC /* PinchAssignment */,
				52DCD0932703102100928BAC /* PinchAssignmentTests */,
				52DCD09D2703102100928BAC /* PinchAssignmentUITests */,
			);
		};
/* End PBXProject section */

/* Begin PBXResourcesBuildPhase section */
		52DCD0792703101D00928BAC /* Resources */ = {
			isa = PBXResourcesBuildPhase;
			buildActionMask = 2147483647;
			files = (
				5203CA722705C57A00A15FEC /* TitleTableViewCell.xib in Resources */,
				5203CA3527045A7B00A15FEC /* Albums.storyboard in Resources */,
				52DCD08E2703102000928BAC /* LaunchScreen.storyboard in Resources */,
				5203CA8B2705DA3200A15FEC /* Photos.storyboard in Resources */,
				52DCD08B2703102000928BAC /* Assets.xcassets in Resources */,
				52DCD0862703101D00928BAC /* Main.storyboard in Resources */,
				5203CAA72705F28300A15FEC /* PhotoTableViewCell.xib in Resources */,
			);
			runOnlyForDeploymentPostprocessing = 0;
		};
		52DCD0922703102100928BAC /* Resources */ = {
			isa = PBXResourcesBuildPhase;
			buildActionMask = 2147483647;
			files = (
			);
			runOnlyForDeploymentPostprocessing = 0;
		};
		52DCD09C2703102100928BAC /* Resources */ = {
			isa = PBXResourcesBuildPhase;
			buildActionMask = 2147483647;
			files = (
			);
			runOnlyForDeploymentPostprocessing = 0;
		};
/* End PBXResourcesBuildPhase section */

/* Begin PBXShellScriptBuildPhase section */
		400BB9D59290AB142722B5BE /* [CP] Check Pods Manifest.lock */ = {
			isa = PBXShellScriptBuildPhase;
			buildActionMask = 2147483647;
			files = (
			);
			inputFileListPaths = (
			);
			inputPaths = (
				"${PODS_PODFILE_DIR_PATH}/Podfile.lock",
				"${PODS_ROOT}/Manifest.lock",
			);
			name = "[CP] Check Pods Manifest.lock";
			outputFileListPaths = (
			);
			outputPaths = (
				"$(DERIVED_FILE_DIR)/Pods-PinchAssignment-checkManifestLockResult.txt",
			);
			runOnlyForDeploymentPostprocessing = 0;
			shellPath = /bin/sh;
			shellScript = "diff \"${PODS_PODFILE_DIR_PATH}/Podfile.lock\" \"${PODS_ROOT}/Manifest.lock\" > /dev/null\nif [ $? != 0 ] ; then\n    # print error to STDERR\n    echo \"error: The sandbox is not in sync with the Podfile.lock. Run 'pod install' or update your CocoaPods installation.\" >&2\n    exit 1\nfi\n# This output is used by Xcode 'outputs' to avoid re-running this script phase.\necho \"SUCCESS\" > \"${SCRIPT_OUTPUT_FILE_0}\"\n";
			showEnvVarsInLog = 0;
		};
		8A6C6D8CF174730A3E9B1069 /* [CP] Embed Pods Frameworks */ = {
			isa = PBXShellScriptBuildPhase;
			buildActionMask = 2147483647;
			files = (
			);
			inputFileListPaths = (
				"${PODS_ROOT}/Target Support Files/Pods-PinchAssignmentUITests/Pods-PinchAssignmentUITests-frameworks-${CONFIGURATION}-input-files.xcfilelist",
			);
			name = "[CP] Embed Pods Frameworks";
			outputFileListPaths = (
				"${PODS_ROOT}/Target Support Files/Pods-PinchAssignmentUITests/Pods-PinchAssignmentUITests-frameworks-${CONFIGURATION}-output-files.xcfilelist",
			);
			runOnlyForDeploymentPostprocessing = 0;
			shellPath = /bin/sh;
			shellScript = "\"${PODS_ROOT}/Target Support Files/Pods-PinchAssignmentUITests/Pods-PinchAssignmentUITests-frameworks.sh\"\n";
			showEnvVarsInLog = 0;
		};
		AA50AA00EDE5472C0F637798 /* [CP] Check Pods Manifest.lock */ = {
			isa = PBXShellScriptBuildPhase;
			buildActionMask = 2147483647;
			files = (
			);
			inputFileListPaths = (
			);
			inputPaths = (
				"${PODS_PODFILE_DIR_PATH}/Podfile.lock",
				"${PODS_ROOT}/Manifest.lock",
			);
			name = "[CP] Check Pods Manifest.lock";
			outputFileListPaths = (
			);
			outputPaths = (
				"$(DERIVED_FILE_DIR)/Pods-PinchAssignmentUITests-checkManifestLockResult.txt",
			);
			runOnlyForDeploymentPostprocessing = 0;
			shellPath = /bin/sh;
			shellScript = "diff \"${PODS_PODFILE_DIR_PATH}/Podfile.lock\" \"${PODS_ROOT}/Manifest.lock\" > /dev/null\nif [ $? != 0 ] ; then\n    # print error to STDERR\n    echo \"error: The sandbox is not in sync with the Podfile.lock. Run 'pod install' or update your CocoaPods installation.\" >&2\n    exit 1\nfi\n# This output is used by Xcode 'outputs' to avoid re-running this script phase.\necho \"SUCCESS\" > \"${SCRIPT_OUTPUT_FILE_0}\"\n";
			showEnvVarsInLog = 0;
		};
		FD6972096595F49F8CBA4223 /* [CP] Embed Pods Frameworks */ = {
			isa = PBXShellScriptBuildPhase;
			buildActionMask = 2147483647;
			files = (
			);
			inputFileListPaths = (
				"${PODS_ROOT}/Target Support Files/Pods-PinchAssignment/Pods-PinchAssignment-frameworks-${CONFIGURATION}-input-files.xcfilelist",
			);
			name = "[CP] Embed Pods Frameworks";
			outputFileListPaths = (
				"${PODS_ROOT}/Target Support Files/Pods-PinchAssignment/Pods-PinchAssignment-frameworks-${CONFIGURATION}-output-files.xcfilelist",
			);
			runOnlyForDeploymentPostprocessing = 0;
			shellPath = /bin/sh;
			shellScript = "\"${PODS_ROOT}/Target Support Files/Pods-PinchAssignment/Pods-PinchAssignment-frameworks.sh\"\n";
			showEnvVarsInLog = 0;
		};
/* End PBXShellScriptBuildPhase section */

/* Begin PBXSourcesBuildPhase section */
		52DCD0772703101D00928BAC /* Sources */ = {
			isa = PBXSourcesBuildPhase;
			buildActionMask = 2147483647;
			files = (
				5203CA4A2704803C00A15FEC /* Constants.swift in Sources */,
				5203CA3927045A7B00A15FEC /* AlbumsInteractor.swift in Sources */,
				5203CA692705BFD200A15FEC /* ReactiveDataSourceDelegate.swift in Sources */,
				5203CA952705E56400A15FEC /* Refreshable.swift in Sources */,
				5203CA822705CE0500A15FEC /* HTTPURLResponse+LogRepresentation.swift in Sources */,
				5203CA442704785B00A15FEC /* Album.swift in Sources */,
				5203CAAF27060D0200A15FEC /* UIScrollView+BottomDetection.swift in Sources */,
				5203CA672705BC8A00A15FEC /* BlankTableSection.swift in Sources */,
				52DCD0832703101D00928BAC /* ViewController.swift in Sources */,
				5203CA7A2705CAB800A15FEC /* Observable+Utility.swift in Sources */,
				5203CA522704982700A15FEC /* InitialWireframeInitializer.swift in Sources */,
				5203CAA62705F28300A15FEC /* PhotoTableViewCell.swift in Sources */,
				5203CA832705CE0500A15FEC /* URLRequest+LogRepresentation.swift in Sources */,
				5203CA8C2705DA3200A15FEC /* PhotosInterfaces.swift in Sources */,
				5203CAA22705ED0100A15FEC /* PhotoModel.swift in Sources */,
				52DCD07F2703101D00928BAC /* AppDelegate.swift in Sources */,
				5203CA2A2704593A00A15FEC /* InteractorInterface.swift in Sources */,
				529B2C66270662020074D4C6 /* Observable+Progressable.swift in Sources */,
				5203CA1827037FE700A15FEC /* DataRequest+Decodable.swift in Sources */,
				5203CA282704592700A15FEC /* BaseWireframe.swift in Sources */,
				5203CA742705C59D00A15FEC /* TitleCellItem.swift in Sources */,
				5203CAB32706120900A15FEC /* Driver+Utility.swift in Sources */,
				5203CA9B2705E72800A15FEC /* UIViewController+Progressable.swift in Sources */,
				5203CA0A27037A1D00A15FEC /* SessionManager.swift in Sources */,
				5203CAAD2706003A00A15FEC /* Paging.swift in Sources */,
				5203CA652705BC0300A15FEC /* TableDataSourceDelegate.swift in Sources */,
				5203CA1227037DB500A15FEC /* Router.swift in Sources */,
				5203CA5D2705B67000A15FEC /* SectionItem.swift in Sources */,
				5203CA1027037D2F00A15FEC /* EncodableParams.swift in Sources */,
				5203CA902705DA3200A15FEC /* PhotosWireframe.swift in Sources */,
				529B2C642706491B0074D4C6 /* PaginationResponse.swift in Sources */,
				5203CA3E27045B0D00A15FEC /* UIStoryboard+Instantiate.swift in Sources */,
				5203CA3627045A7B00A15FEC /* AlbumsInterfaces.swift in Sources */,
				5203CA3A27045A7B00A15FEC /* AlbumsWireframe.swift in Sources */,
				529B2C69270671010074D4C6 /* UIColor+Image.swift in Sources */,
				5203CA8D2705DA3200A15FEC /* PhotosPresenter.swift in Sources */,
				5203CA222703820300A15FEC /* APIService+Rx.swift in Sources */,
				5203CA3827045A7B00A15FEC /* AlbumsViewController.swift in Sources */,
				5203CA842705CE0500A15FEC /* AlamofireConsoleLogger.swift in Sources */,
				5203CA3727045A7B00A15FEC /* AlbumsPresenter.swift in Sources */,
				5203CA5627049FC700A15FEC /* BaseNavigationController.swift in Sources */,
				5203CA1D270380C400A15FEC /* Result+Rx.swift in Sources */,
				5203CA4D2704971A00A15FEC /* StartupInitializerBuilder.swift in Sources */,
				5203CA612705B69E00A15FEC /* TableCellItem.swift in Sources */,
				5203CA8E2705DA3200A15FEC /* PhotosViewController.swift in Sources */,
				5203CA5A2705B4A000A15FEC /* TableViewReloader.swift in Sources */,
				5203CA9D2705E83300A15FEC /* Single+Progressable.swift in Sources */,
				5203CA2E2704596100A15FEC /* ViewInterface.swift in Sources */,
				5203CA8F2705DA3200A15FEC /* PhotosInteractor.swift in Sources */,
				5203CA632705B6F600A15FEC /* TableSectionItem.swift in Sources */,
				5203CA5F2705B67800A15FEC /* CellItem.swift in Sources */,
				5203CA9F2705EC9B00A15FEC /* PhotosRouter.swift in Sources */,
				5203CA1F270380D000A15FEC /* Result+Map.swift in Sources */,
				5203CA932705E38A00A15FEC /* Signal+Utitlity.swift in Sources */,
				52DCD0892703101D00928BAC /* PinchAssignment.xcdatamodeld in Sources */,
				5203CA1527037F0B00A15FEC /* APIService.swift in Sources */,
				5203CA0D27037C9C00A15FEC /* Routable.swift in Sources */,
				5203CA712705C57A00A15FEC /* TitleTableViewCell.swift in Sources */,
				5203CA4727047FAA00A15FEC /* AlbumRouter.swift in Sources */,
				5203CA982705E5F900A15FEC /* Progressable.swift in Sources */,
				5203CA7D2705CB1100A15FEC /* Single+Utility.swift in Sources */,
				5203CA502704977500A15FEC /* Initializable.swift in Sources */,
				5203CA772705C62300A15FEC /* UITableView+Dequeue.swift in Sources */,
				5203CAAA2705F2CA00A15FEC /* PhotoCellItem.swift in Sources */,
				5203CA2C2704595600A15FEC /* PresenterInterface.swift in Sources */,
			);
			runOnlyForDeploymentPostprocessing = 0;
		};
		52DCD0902703102100928BAC /* Sources */ = {
			isa = PBXSourcesBuildPhase;
			buildActionMask = 2147483647;
			files = (
				52DCD0992703102100928BAC /* PinchAssignmentTests.swift in Sources */,
			);
			runOnlyForDeploymentPostprocessing = 0;
		};
		52DCD09A2703102100928BAC /* Sources */ = {
			isa = PBXSourcesBuildPhase;
			buildActionMask = 2147483647;
			files = (
				52DCD0A52703102100928BAC /* PinchAssignmentUITestsLaunchTests.swift in Sources */,
				52DCD0A32703102100928BAC /* PinchAssignmentUITests.swift in Sources */,
			);
			runOnlyForDeploymentPostprocessing = 0;
		};
/* End PBXSourcesBuildPhase section */

/* Begin PBXTargetDependency section */
		52DCD0962703102100928BAC /* PBXTargetDependency */ = {
			isa = PBXTargetDependency;
			target = 52DCD07A2703101D00928BAC /* PinchAssignment */;
			targetProxy = 52DCD0952703102100928BAC /* PBXContainerItemProxy */;
		};
		52DCD0A02703102100928BAC /* PBXTargetDependency */ = {
			isa = PBXTargetDependency;
			target = 52DCD07A2703101D00928BAC /* PinchAssignment */;
			targetProxy = 52DCD09F2703102100928BAC /* PBXContainerItemProxy */;
		};
/* End PBXTargetDependency section */

/* Begin PBXVariantGroup section */
		52DCD0842703101D00928BAC /* Main.storyboard */ = {
			isa = PBXVariantGroup;
			children = (
				52DCD0852703101D00928BAC /* Base */,
			);
			name = Main.storyboard;
			sourceTree = "<group>";
		};
		52DCD08C2703102000928BAC /* LaunchScreen.storyboard */ = {
			isa = PBXVariantGroup;
			children = (
				52DCD08D2703102000928BAC /* Base */,
			);
			name = LaunchScreen.storyboard;
			sourceTree = "<group>";
		};
/* End PBXVariantGroup section */

/* Begin XCBuildConfiguration section */
		52DCD0C127033A2C00928BAC /* ProductionDebug */ = {
			isa = XCBuildConfiguration;
			buildSettings = {
				ALWAYS_SEARCH_USER_PATHS = NO;
				CLANG_ANALYZER_NONNULL = YES;
				CLANG_ANALYZER_NUMBER_OBJECT_CONVERSION = YES_AGGRESSIVE;
				CLANG_CXX_LANGUAGE_STANDARD = "gnu++17";
				CLANG_CXX_LIBRARY = "libc++";
				CLANG_ENABLE_MODULES = YES;
				CLANG_ENABLE_OBJC_ARC = YES;
				CLANG_ENABLE_OBJC_WEAK = YES;
				CLANG_WARN_BLOCK_CAPTURE_AUTORELEASING = YES;
				CLANG_WARN_BOOL_CONVERSION = YES;
				CLANG_WARN_COMMA = YES;
				CLANG_WARN_CONSTANT_CONVERSION = YES;
				CLANG_WARN_DEPRECATED_OBJC_IMPLEMENTATIONS = YES;
				CLANG_WARN_DIRECT_OBJC_ISA_USAGE = YES_ERROR;
				CLANG_WARN_DOCUMENTATION_COMMENTS = YES;
				CLANG_WARN_EMPTY_BODY = YES;
				CLANG_WARN_ENUM_CONVERSION = YES;
				CLANG_WARN_INFINITE_RECURSION = YES;
				CLANG_WARN_INT_CONVERSION = YES;
				CLANG_WARN_NON_LITERAL_NULL_CONVERSION = YES;
				CLANG_WARN_OBJC_IMPLICIT_RETAIN_SELF = YES;
				CLANG_WARN_OBJC_LITERAL_CONVERSION = YES;
				CLANG_WARN_OBJC_ROOT_CLASS = YES_ERROR;
				CLANG_WARN_QUOTED_INCLUDE_IN_FRAMEWORK_HEADER = YES;
				CLANG_WARN_RANGE_LOOP_ANALYSIS = YES;
				CLANG_WARN_STRICT_PROTOTYPES = YES;
				CLANG_WARN_SUSPICIOUS_MOVE = YES;
				CLANG_WARN_UNGUARDED_AVAILABILITY = YES_AGGRESSIVE;
				CLANG_WARN_UNREACHABLE_CODE = YES;
				CLANG_WARN__DUPLICATE_METHOD_MATCH = YES;
				COPY_PHASE_STRIP = NO;
				DEBUG_INFORMATION_FORMAT = "dwarf-with-dsym";
				ENABLE_NS_ASSERTIONS = NO;
				ENABLE_STRICT_OBJC_MSGSEND = YES;
				EXCLUDED_ARCHS = arm64;
				GCC_C_LANGUAGE_STANDARD = gnu11;
				GCC_NO_COMMON_BLOCKS = YES;
				GCC_WARN_64_TO_32_BIT_CONVERSION = YES;
				GCC_WARN_ABOUT_RETURN_TYPE = YES_ERROR;
				GCC_WARN_UNDECLARED_SELECTOR = YES;
				GCC_WARN_UNINITIALIZED_AUTOS = YES_AGGRESSIVE;
				GCC_WARN_UNUSED_FUNCTION = YES;
				GCC_WARN_UNUSED_VARIABLE = YES;
				IPHONEOS_DEPLOYMENT_TARGET = 15.0;
				MTL_ENABLE_DEBUG_INFO = NO;
				MTL_FAST_MATH = YES;
				SDKROOT = iphoneos;
				SWIFT_COMPILATION_MODE = wholemodule;
				SWIFT_OPTIMIZATION_LEVEL = "-O";
				VALIDATE_PRODUCT = YES;
			};
			name = ProductionDebug;
		};
		52DCD0C227033A2C00928BAC /* ProductionDebug */ = {
			isa = XCBuildConfiguration;
			baseConfigurationReference = 52DCD0BC2703355500928BAC /* ProductionDebug.xcconfig */;
			buildSettings = {
				ASSETCATALOG_COMPILER_APPICON_NAME = AppIcon;
				ASSETCATALOG_COMPILER_GLOBAL_ACCENT_COLOR_NAME = AccentColor;
				CODE_SIGN_STYLE = Automatic;
				CURRENT_PROJECT_VERSION = 1;
				DEVELOPMENT_TEAM = HK4DBYUT99;
				GENERATE_INFOPLIST_FILE = YES;
				INFOPLIST_FILE = PinchAssignment/SupportingFiles/Plists/Info.plist;
				INFOPLIST_KEY_UIApplicationSupportsIndirectInputEvents = YES;
				INFOPLIST_KEY_UILaunchStoryboardName = LaunchScreen;
				INFOPLIST_KEY_UIMainStoryboardFile = Main;
				INFOPLIST_KEY_UISupportedInterfaceOrientations_iPad = "UIInterfaceOrientationPortrait UIInterfaceOrientationPortraitUpsideDown UIInterfaceOrientationLandscapeLeft UIInterfaceOrientationLandscapeRight";
				INFOPLIST_KEY_UISupportedInterfaceOrientations_iPhone = "UIInterfaceOrientationPortrait UIInterfaceOrientationLandscapeLeft UIInterfaceOrientationLandscapeRight";
				LD_RUNPATH_SEARCH_PATHS = (
					"$(inherited)",
					"@executable_path/Frameworks",
				);
				MARKETING_VERSION = 1.0;
				PRODUCT_BUNDLE_IDENTIFIER = com.typeqast.PinchAssignment;
				PRODUCT_NAME = "$(TARGET_NAME)";
				SWIFT_EMIT_LOC_STRINGS = YES;
				SWIFT_VERSION = 5.0;
				TARGETED_DEVICE_FAMILY = "1,2";
			};
			name = ProductionDebug;
		};
		52DCD0C327033A2C00928BAC /* ProductionDebug */ = {
			isa = XCBuildConfiguration;
			buildSettings = {
				ALWAYS_EMBED_SWIFT_STANDARD_LIBRARIES = YES;
				BUNDLE_LOADER = "$(TEST_HOST)";
				CODE_SIGN_STYLE = Automatic;
				CURRENT_PROJECT_VERSION = 1;
				DEVELOPMENT_TEAM = HK4DBYUT99;
				GENERATE_INFOPLIST_FILE = YES;
				IPHONEOS_DEPLOYMENT_TARGET = 15.0;
				LD_RUNPATH_SEARCH_PATHS = (
					"$(inherited)",
					"@executable_path/Frameworks",
					"@loader_path/Frameworks",
				);
				MARKETING_VERSION = 1.0;
				PRODUCT_BUNDLE_IDENTIFIER = com.typeqast.PinchAssignmentTests;
				PRODUCT_NAME = "$(TARGET_NAME)";
				SWIFT_EMIT_LOC_STRINGS = NO;
				SWIFT_VERSION = 5.0;
				TARGETED_DEVICE_FAMILY = "1,2";
				TEST_HOST = "$(BUILT_PRODUCTS_DIR)/PinchAssignment.app/PinchAssignment";
			};
			name = ProductionDebug;
		};
		52DCD0C427033A2C00928BAC /* ProductionDebug */ = {
			isa = XCBuildConfiguration;
			baseConfigurationReference = 1E9EBD4FB4BE6D5F1DF7CC92 /* Pods-PinchAssignmentUITests.productiondebug.xcconfig */;
			buildSettings = {
				ALWAYS_EMBED_SWIFT_STANDARD_LIBRARIES = YES;
				CODE_SIGN_STYLE = Automatic;
				CURRENT_PROJECT_VERSION = 1;
				DEVELOPMENT_TEAM = HK4DBYUT99;
				GENERATE_INFOPLIST_FILE = YES;
				LD_RUNPATH_SEARCH_PATHS = (
					"$(inherited)",
					"@executable_path/Frameworks",
					"@loader_path/Frameworks",
				);
				MARKETING_VERSION = 1.0;
				PRODUCT_BUNDLE_IDENTIFIER = com.typeqast.PinchAssignmentUITests;
				PRODUCT_NAME = "$(TARGET_NAME)";
				SWIFT_EMIT_LOC_STRINGS = NO;
				SWIFT_VERSION = 5.0;
				TARGETED_DEVICE_FAMILY = "1,2";
				TEST_TARGET_NAME = PinchAssignment;
			};
			name = ProductionDebug;
		};
		52DCD0C527033A2F00928BAC /* ProductionRelease */ = {
			isa = XCBuildConfiguration;
			buildSettings = {
				ALWAYS_SEARCH_USER_PATHS = NO;
				CLANG_ANALYZER_NONNULL = YES;
				CLANG_ANALYZER_NUMBER_OBJECT_CONVERSION = YES_AGGRESSIVE;
				CLANG_CXX_LANGUAGE_STANDARD = "gnu++17";
				CLANG_CXX_LIBRARY = "libc++";
				CLANG_ENABLE_MODULES = YES;
				CLANG_ENABLE_OBJC_ARC = YES;
				CLANG_ENABLE_OBJC_WEAK = YES;
				CLANG_WARN_BLOCK_CAPTURE_AUTORELEASING = YES;
				CLANG_WARN_BOOL_CONVERSION = YES;
				CLANG_WARN_COMMA = YES;
				CLANG_WARN_CONSTANT_CONVERSION = YES;
				CLANG_WARN_DEPRECATED_OBJC_IMPLEMENTATIONS = YES;
				CLANG_WARN_DIRECT_OBJC_ISA_USAGE = YES_ERROR;
				CLANG_WARN_DOCUMENTATION_COMMENTS = YES;
				CLANG_WARN_EMPTY_BODY = YES;
				CLANG_WARN_ENUM_CONVERSION = YES;
				CLANG_WARN_INFINITE_RECURSION = YES;
				CLANG_WARN_INT_CONVERSION = YES;
				CLANG_WARN_NON_LITERAL_NULL_CONVERSION = YES;
				CLANG_WARN_OBJC_IMPLICIT_RETAIN_SELF = YES;
				CLANG_WARN_OBJC_LITERAL_CONVERSION = YES;
				CLANG_WARN_OBJC_ROOT_CLASS = YES_ERROR;
				CLANG_WARN_QUOTED_INCLUDE_IN_FRAMEWORK_HEADER = YES;
				CLANG_WARN_RANGE_LOOP_ANALYSIS = YES;
				CLANG_WARN_STRICT_PROTOTYPES = YES;
				CLANG_WARN_SUSPICIOUS_MOVE = YES;
				CLANG_WARN_UNGUARDED_AVAILABILITY = YES_AGGRESSIVE;
				CLANG_WARN_UNREACHABLE_CODE = YES;
				CLANG_WARN__DUPLICATE_METHOD_MATCH = YES;
				COPY_PHASE_STRIP = NO;
				DEBUG_INFORMATION_FORMAT = "dwarf-with-dsym";
				ENABLE_NS_ASSERTIONS = NO;
				ENABLE_STRICT_OBJC_MSGSEND = YES;
				EXCLUDED_ARCHS = arm64;
				GCC_C_LANGUAGE_STANDARD = gnu11;
				GCC_NO_COMMON_BLOCKS = YES;
				GCC_WARN_64_TO_32_BIT_CONVERSION = YES;
				GCC_WARN_ABOUT_RETURN_TYPE = YES_ERROR;
				GCC_WARN_UNDECLARED_SELECTOR = YES;
				GCC_WARN_UNINITIALIZED_AUTOS = YES_AGGRESSIVE;
				GCC_WARN_UNUSED_FUNCTION = YES;
				GCC_WARN_UNUSED_VARIABLE = YES;
				IPHONEOS_DEPLOYMENT_TARGET = 15.0;
				MTL_ENABLE_DEBUG_INFO = NO;
				MTL_FAST_MATH = YES;
				SDKROOT = iphoneos;
				SWIFT_COMPILATION_MODE = wholemodule;
				SWIFT_OPTIMIZATION_LEVEL = "-O";
				VALIDATE_PRODUCT = YES;
			};
			name = ProductionRelease;
		};
		52DCD0C627033A2F00928BAC /* ProductionRelease */ = {
			isa = XCBuildConfiguration;
			baseConfigurationReference = 52DCD0B82703341100928BAC /* ProductionRelease.xcconfig */;
			buildSettings = {
				ASSETCATALOG_COMPILER_APPICON_NAME = AppIcon;
				ASSETCATALOG_COMPILER_GLOBAL_ACCENT_COLOR_NAME = AccentColor;
				CODE_SIGN_STYLE = Automatic;
				CURRENT_PROJECT_VERSION = 1;
				DEVELOPMENT_TEAM = HK4DBYUT99;
				GENERATE_INFOPLIST_FILE = YES;
				INFOPLIST_FILE = PinchAssignment/SupportingFiles/Plists/Info.plist;
				INFOPLIST_KEY_UIApplicationSupportsIndirectInputEvents = YES;
				INFOPLIST_KEY_UILaunchStoryboardName = LaunchScreen;
				INFOPLIST_KEY_UIMainStoryboardFile = Main;
				INFOPLIST_KEY_UISupportedInterfaceOrientations_iPad = "UIInterfaceOrientationPortrait UIInterfaceOrientationPortraitUpsideDown UIInterfaceOrientationLandscapeLeft UIInterfaceOrientationLandscapeRight";
				INFOPLIST_KEY_UISupportedInterfaceOrientations_iPhone = "UIInterfaceOrientationPortrait UIInterfaceOrientationLandscapeLeft UIInterfaceOrientationLandscapeRight";
				LD_RUNPATH_SEARCH_PATHS = (
					"$(inherited)",
					"@executable_path/Frameworks",
				);
				MARKETING_VERSION = 1.0;
				PRODUCT_BUNDLE_IDENTIFIER = com.typeqast.PinchAssignment;
				PRODUCT_NAME = "$(TARGET_NAME)";
				SWIFT_EMIT_LOC_STRINGS = YES;
				SWIFT_VERSION = 5.0;
				TARGETED_DEVICE_FAMILY = "1,2";
			};
			name = ProductionRelease;
		};
		52DCD0C727033A2F00928BAC /* ProductionRelease */ = {
			isa = XCBuildConfiguration;
			buildSettings = {
				ALWAYS_EMBED_SWIFT_STANDARD_LIBRARIES = YES;
				BUNDLE_LOADER = "$(TEST_HOST)";
				CODE_SIGN_STYLE = Automatic;
				CURRENT_PROJECT_VERSION = 1;
				DEVELOPMENT_TEAM = HK4DBYUT99;
				GENERATE_INFOPLIST_FILE = YES;
				IPHONEOS_DEPLOYMENT_TARGET = 15.0;
				LD_RUNPATH_SEARCH_PATHS = (
					"$(inherited)",
					"@executable_path/Frameworks",
					"@loader_path/Frameworks",
				);
				MARKETING_VERSION = 1.0;
				PRODUCT_BUNDLE_IDENTIFIER = com.typeqast.PinchAssignmentTests;
				PRODUCT_NAME = "$(TARGET_NAME)";
				SWIFT_EMIT_LOC_STRINGS = NO;
				SWIFT_VERSION = 5.0;
				TARGETED_DEVICE_FAMILY = "1,2";
				TEST_HOST = "$(BUILT_PRODUCTS_DIR)/PinchAssignment.app/PinchAssignment";
			};
			name = ProductionRelease;
		};
		52DCD0C827033A2F00928BAC /* ProductionRelease */ = {
			isa = XCBuildConfiguration;
			baseConfigurationReference = F587B206F9CBFA9C3EA0EE74 /* Pods-PinchAssignmentUITests.productionrelease.xcconfig */;
			buildSettings = {
				ALWAYS_EMBED_SWIFT_STANDARD_LIBRARIES = YES;
				CODE_SIGN_STYLE = Automatic;
				CURRENT_PROJECT_VERSION = 1;
				DEVELOPMENT_TEAM = HK4DBYUT99;
				GENERATE_INFOPLIST_FILE = YES;
				LD_RUNPATH_SEARCH_PATHS = (
					"$(inherited)",
					"@executable_path/Frameworks",
					"@loader_path/Frameworks",
				);
				MARKETING_VERSION = 1.0;
				PRODUCT_BUNDLE_IDENTIFIER = com.typeqast.PinchAssignmentUITests;
				PRODUCT_NAME = "$(TARGET_NAME)";
				SWIFT_EMIT_LOC_STRINGS = NO;
				SWIFT_VERSION = 5.0;
				TARGETED_DEVICE_FAMILY = "1,2";
				TEST_TARGET_NAME = PinchAssignment;
			};
			name = ProductionRelease;
		};
		52DCD0C927033A4100928BAC /* DevelopmentDebug */ = {
			isa = XCBuildConfiguration;
			buildSettings = {
				ALWAYS_SEARCH_USER_PATHS = NO;
				CLANG_ANALYZER_NONNULL = YES;
				CLANG_ANALYZER_NUMBER_OBJECT_CONVERSION = YES_AGGRESSIVE;
				CLANG_CXX_LANGUAGE_STANDARD = "gnu++17";
				CLANG_CXX_LIBRARY = "libc++";
				CLANG_ENABLE_MODULES = YES;
				CLANG_ENABLE_OBJC_ARC = YES;
				CLANG_ENABLE_OBJC_WEAK = YES;
				CLANG_WARN_BLOCK_CAPTURE_AUTORELEASING = YES;
				CLANG_WARN_BOOL_CONVERSION = YES;
				CLANG_WARN_COMMA = YES;
				CLANG_WARN_CONSTANT_CONVERSION = YES;
				CLANG_WARN_DEPRECATED_OBJC_IMPLEMENTATIONS = YES;
				CLANG_WARN_DIRECT_OBJC_ISA_USAGE = YES_ERROR;
				CLANG_WARN_DOCUMENTATION_COMMENTS = YES;
				CLANG_WARN_EMPTY_BODY = YES;
				CLANG_WARN_ENUM_CONVERSION = YES;
				CLANG_WARN_INFINITE_RECURSION = YES;
				CLANG_WARN_INT_CONVERSION = YES;
				CLANG_WARN_NON_LITERAL_NULL_CONVERSION = YES;
				CLANG_WARN_OBJC_IMPLICIT_RETAIN_SELF = YES;
				CLANG_WARN_OBJC_LITERAL_CONVERSION = YES;
				CLANG_WARN_OBJC_ROOT_CLASS = YES_ERROR;
				CLANG_WARN_QUOTED_INCLUDE_IN_FRAMEWORK_HEADER = YES;
				CLANG_WARN_RANGE_LOOP_ANALYSIS = YES;
				CLANG_WARN_STRICT_PROTOTYPES = YES;
				CLANG_WARN_SUSPICIOUS_MOVE = YES;
				CLANG_WARN_UNGUARDED_AVAILABILITY = YES_AGGRESSIVE;
				CLANG_WARN_UNREACHABLE_CODE = YES;
				CLANG_WARN__DUPLICATE_METHOD_MATCH = YES;
				COPY_PHASE_STRIP = NO;
				DEBUG_INFORMATION_FORMAT = "dwarf-with-dsym";
				ENABLE_NS_ASSERTIONS = NO;
				ENABLE_STRICT_OBJC_MSGSEND = YES;
				EXCLUDED_ARCHS = arm64;
				GCC_C_LANGUAGE_STANDARD = gnu11;
				GCC_NO_COMMON_BLOCKS = YES;
				GCC_WARN_64_TO_32_BIT_CONVERSION = YES;
				GCC_WARN_ABOUT_RETURN_TYPE = YES_ERROR;
				GCC_WARN_UNDECLARED_SELECTOR = YES;
				GCC_WARN_UNINITIALIZED_AUTOS = YES_AGGRESSIVE;
				GCC_WARN_UNUSED_FUNCTION = YES;
				GCC_WARN_UNUSED_VARIABLE = YES;
				IPHONEOS_DEPLOYMENT_TARGET = 15.0;
				MTL_ENABLE_DEBUG_INFO = NO;
				MTL_FAST_MATH = YES;
				SDKROOT = iphoneos;
				SWIFT_COMPILATION_MODE = wholemodule;
				SWIFT_OPTIMIZATION_LEVEL = "-O";
				VALIDATE_PRODUCT = YES;
			};
			name = DevelopmentDebug;
		};
		52DCD0CA27033A4100928BAC /* DevelopmentDebug */ = {
			isa = XCBuildConfiguration;
			baseConfigurationReference = 52DCD0BE2703357200928BAC /* DevelopmentDebug.xcconfig */;
			buildSettings = {
				ASSETCATALOG_COMPILER_APPICON_NAME = AppIcon;
				ASSETCATALOG_COMPILER_GLOBAL_ACCENT_COLOR_NAME = AccentColor;
				CODE_SIGN_STYLE = Automatic;
				CURRENT_PROJECT_VERSION = 1;
				DEVELOPMENT_TEAM = HK4DBYUT99;
				GENERATE_INFOPLIST_FILE = YES;
				INFOPLIST_FILE = PinchAssignment/SupportingFiles/Plists/Info.plist;
				INFOPLIST_KEY_UIApplicationSupportsIndirectInputEvents = YES;
				INFOPLIST_KEY_UILaunchStoryboardName = LaunchScreen;
				INFOPLIST_KEY_UIMainStoryboardFile = Main;
				INFOPLIST_KEY_UISupportedInterfaceOrientations_iPad = "UIInterfaceOrientationPortrait UIInterfaceOrientationPortraitUpsideDown UIInterfaceOrientationLandscapeLeft UIInterfaceOrientationLandscapeRight";
				INFOPLIST_KEY_UISupportedInterfaceOrientations_iPhone = "UIInterfaceOrientationPortrait UIInterfaceOrientationLandscapeLeft UIInterfaceOrientationLandscapeRight";
				LD_RUNPATH_SEARCH_PATHS = (
					"$(inherited)",
					"@executable_path/Frameworks",
				);
				MARKETING_VERSION = 1.0;
				PRODUCT_BUNDLE_IDENTIFIER = com.typeqast.PinchAssignment;
				PRODUCT_NAME = "$(TARGET_NAME)";
				SWIFT_EMIT_LOC_STRINGS = YES;
				SWIFT_VERSION = 5.0;
				TARGETED_DEVICE_FAMILY = "1,2";
			};
			name = DevelopmentDebug;
		};
		52DCD0CB27033A4100928BAC /* DevelopmentDebug */ = {
			isa = XCBuildConfiguration;
			buildSettings = {
				ALWAYS_EMBED_SWIFT_STANDARD_LIBRARIES = YES;
				BUNDLE_LOADER = "$(TEST_HOST)";
				CODE_SIGN_STYLE = Automatic;
				CURRENT_PROJECT_VERSION = 1;
				DEVELOPMENT_TEAM = HK4DBYUT99;
				GENERATE_INFOPLIST_FILE = YES;
				IPHONEOS_DEPLOYMENT_TARGET = 15.0;
				LD_RUNPATH_SEARCH_PATHS = (
					"$(inherited)",
					"@executable_path/Frameworks",
					"@loader_path/Frameworks",
				);
				MARKETING_VERSION = 1.0;
				PRODUCT_BUNDLE_IDENTIFIER = com.typeqast.PinchAssignmentTests;
				PRODUCT_NAME = "$(TARGET_NAME)";
				SWIFT_EMIT_LOC_STRINGS = NO;
				SWIFT_VERSION = 5.0;
				TARGETED_DEVICE_FAMILY = "1,2";
				TEST_HOST = "$(BUILT_PRODUCTS_DIR)/PinchAssignment.app/PinchAssignment";
			};
			name = DevelopmentDebug;
		};
		52DCD0CC27033A4100928BAC /* DevelopmentDebug */ = {
			isa = XCBuildConfiguration;
			baseConfigurationReference = B5237F58F7FA15D7667FF7BC /* Pods-PinchAssignmentUITests.developmentdebug.xcconfig */;
			buildSettings = {
				ALWAYS_EMBED_SWIFT_STANDARD_LIBRARIES = YES;
				CODE_SIGN_STYLE = Automatic;
				CURRENT_PROJECT_VERSION = 1;
				DEVELOPMENT_TEAM = HK4DBYUT99;
				GENERATE_INFOPLIST_FILE = YES;
				LD_RUNPATH_SEARCH_PATHS = (
					"$(inherited)",
					"@executable_path/Frameworks",
					"@loader_path/Frameworks",
				);
				MARKETING_VERSION = 1.0;
				PRODUCT_BUNDLE_IDENTIFIER = com.typeqast.PinchAssignmentUITests;
				PRODUCT_NAME = "$(TARGET_NAME)";
				SWIFT_EMIT_LOC_STRINGS = NO;
				SWIFT_VERSION = 5.0;
				TARGETED_DEVICE_FAMILY = "1,2";
				TEST_TARGET_NAME = PinchAssignment;
			};
			name = DevelopmentDebug;
		};
		52DCD0CD27033A4F00928BAC /* DevelopmentRelease */ = {
			isa = XCBuildConfiguration;
			buildSettings = {
				ALWAYS_SEARCH_USER_PATHS = NO;
				CLANG_ANALYZER_NONNULL = YES;
				CLANG_ANALYZER_NUMBER_OBJECT_CONVERSION = YES_AGGRESSIVE;
				CLANG_CXX_LANGUAGE_STANDARD = "gnu++17";
				CLANG_CXX_LIBRARY = "libc++";
				CLANG_ENABLE_MODULES = YES;
				CLANG_ENABLE_OBJC_ARC = YES;
				CLANG_ENABLE_OBJC_WEAK = YES;
				CLANG_WARN_BLOCK_CAPTURE_AUTORELEASING = YES;
				CLANG_WARN_BOOL_CONVERSION = YES;
				CLANG_WARN_COMMA = YES;
				CLANG_WARN_CONSTANT_CONVERSION = YES;
				CLANG_WARN_DEPRECATED_OBJC_IMPLEMENTATIONS = YES;
				CLANG_WARN_DIRECT_OBJC_ISA_USAGE = YES_ERROR;
				CLANG_WARN_DOCUMENTATION_COMMENTS = YES;
				CLANG_WARN_EMPTY_BODY = YES;
				CLANG_WARN_ENUM_CONVERSION = YES;
				CLANG_WARN_INFINITE_RECURSION = YES;
				CLANG_WARN_INT_CONVERSION = YES;
				CLANG_WARN_NON_LITERAL_NULL_CONVERSION = YES;
				CLANG_WARN_OBJC_IMPLICIT_RETAIN_SELF = YES;
				CLANG_WARN_OBJC_LITERAL_CONVERSION = YES;
				CLANG_WARN_OBJC_ROOT_CLASS = YES_ERROR;
				CLANG_WARN_QUOTED_INCLUDE_IN_FRAMEWORK_HEADER = YES;
				CLANG_WARN_RANGE_LOOP_ANALYSIS = YES;
				CLANG_WARN_STRICT_PROTOTYPES = YES;
				CLANG_WARN_SUSPICIOUS_MOVE = YES;
				CLANG_WARN_UNGUARDED_AVAILABILITY = YES_AGGRESSIVE;
				CLANG_WARN_UNREACHABLE_CODE = YES;
				CLANG_WARN__DUPLICATE_METHOD_MATCH = YES;
				COPY_PHASE_STRIP = NO;
				DEBUG_INFORMATION_FORMAT = "dwarf-with-dsym";
				ENABLE_NS_ASSERTIONS = NO;
				ENABLE_STRICT_OBJC_MSGSEND = YES;
				EXCLUDED_ARCHS = arm64;
				GCC_C_LANGUAGE_STANDARD = gnu11;
				GCC_NO_COMMON_BLOCKS = YES;
				GCC_WARN_64_TO_32_BIT_CONVERSION = YES;
				GCC_WARN_ABOUT_RETURN_TYPE = YES_ERROR;
				GCC_WARN_UNDECLARED_SELECTOR = YES;
				GCC_WARN_UNINITIALIZED_AUTOS = YES_AGGRESSIVE;
				GCC_WARN_UNUSED_FUNCTION = YES;
				GCC_WARN_UNUSED_VARIABLE = YES;
				IPHONEOS_DEPLOYMENT_TARGET = 15.0;
				MTL_ENABLE_DEBUG_INFO = NO;
				MTL_FAST_MATH = YES;
				SDKROOT = iphoneos;
				SWIFT_COMPILATION_MODE = wholemodule;
				SWIFT_OPTIMIZATION_LEVEL = "-O";
				VALIDATE_PRODUCT = YES;
			};
			name = DevelopmentRelease;
		};
		52DCD0CE27033A4F00928BAC /* DevelopmentRelease */ = {
			isa = XCBuildConfiguration;
			baseConfigurationReference = 52DCD0BD2703356200928BAC /* DevelopmentRelease.xcconfig */;
			buildSettings = {
				ASSETCATALOG_COMPILER_APPICON_NAME = AppIcon;
				ASSETCATALOG_COMPILER_GLOBAL_ACCENT_COLOR_NAME = AccentColor;
				CODE_SIGN_STYLE = Automatic;
				CURRENT_PROJECT_VERSION = 1;
				DEVELOPMENT_TEAM = HK4DBYUT99;
				GENERATE_INFOPLIST_FILE = YES;
				INFOPLIST_FILE = PinchAssignment/SupportingFiles/Plists/Info.plist;
				INFOPLIST_KEY_UIApplicationSupportsIndirectInputEvents = YES;
				INFOPLIST_KEY_UILaunchStoryboardName = LaunchScreen;
				INFOPLIST_KEY_UIMainStoryboardFile = Main;
				INFOPLIST_KEY_UISupportedInterfaceOrientations_iPad = "UIInterfaceOrientationPortrait UIInterfaceOrientationPortraitUpsideDown UIInterfaceOrientationLandscapeLeft UIInterfaceOrientationLandscapeRight";
				INFOPLIST_KEY_UISupportedInterfaceOrientations_iPhone = "UIInterfaceOrientationPortrait UIInterfaceOrientationLandscapeLeft UIInterfaceOrientationLandscapeRight";
				LD_RUNPATH_SEARCH_PATHS = (
					"$(inherited)",
					"@executable_path/Frameworks",
				);
				MARKETING_VERSION = 1.0;
				PRODUCT_BUNDLE_IDENTIFIER = com.typeqast.PinchAssignment;
				PRODUCT_NAME = "$(TARGET_NAME)";
				SWIFT_EMIT_LOC_STRINGS = YES;
				SWIFT_VERSION = 5.0;
				TARGETED_DEVICE_FAMILY = "1,2";
			};
			name = DevelopmentRelease;
		};
		52DCD0CF27033A4F00928BAC /* DevelopmentRelease */ = {
			isa = XCBuildConfiguration;
			buildSettings = {
				ALWAYS_EMBED_SWIFT_STANDARD_LIBRARIES = YES;
				BUNDLE_LOADER = "$(TEST_HOST)";
				CODE_SIGN_STYLE = Automatic;
				CURRENT_PROJECT_VERSION = 1;
				DEVELOPMENT_TEAM = HK4DBYUT99;
				GENERATE_INFOPLIST_FILE = YES;
				IPHONEOS_DEPLOYMENT_TARGET = 15.0;
				LD_RUNPATH_SEARCH_PATHS = (
					"$(inherited)",
					"@executable_path/Frameworks",
					"@loader_path/Frameworks",
				);
				MARKETING_VERSION = 1.0;
				PRODUCT_BUNDLE_IDENTIFIER = com.typeqast.PinchAssignmentTests;
				PRODUCT_NAME = "$(TARGET_NAME)";
				SWIFT_EMIT_LOC_STRINGS = NO;
				SWIFT_VERSION = 5.0;
				TARGETED_DEVICE_FAMILY = "1,2";
				TEST_HOST = "$(BUILT_PRODUCTS_DIR)/PinchAssignment.app/PinchAssignment";
			};
			name = DevelopmentRelease;
		};
		52DCD0D027033A4F00928BAC /* DevelopmentRelease */ = {
			isa = XCBuildConfiguration;
			baseConfigurationReference = E045BCAC4833FFF5D2880062 /* Pods-PinchAssignmentUITests.developmentrelease.xcconfig */;
			buildSettings = {
				ALWAYS_EMBED_SWIFT_STANDARD_LIBRARIES = YES;
				CODE_SIGN_STYLE = Automatic;
				CURRENT_PROJECT_VERSION = 1;
				DEVELOPMENT_TEAM = HK4DBYUT99;
				GENERATE_INFOPLIST_FILE = YES;
				LD_RUNPATH_SEARCH_PATHS = (
					"$(inherited)",
					"@executable_path/Frameworks",
					"@loader_path/Frameworks",
				);
				MARKETING_VERSION = 1.0;
				PRODUCT_BUNDLE_IDENTIFIER = com.typeqast.PinchAssignmentUITests;
				PRODUCT_NAME = "$(TARGET_NAME)";
				SWIFT_EMIT_LOC_STRINGS = NO;
				SWIFT_VERSION = 5.0;
				TARGETED_DEVICE_FAMILY = "1,2";
				TEST_TARGET_NAME = PinchAssignment;
			};
			name = DevelopmentRelease;
		};
/* End XCBuildConfiguration section */

/* Begin XCConfigurationList section */
		52DCD0762703101C00928BAC /* Build configuration list for PBXProject "PinchAssignment" */ = {
			isa = XCConfigurationList;
			buildConfigurations = (
				52DCD0C127033A2C00928BAC /* ProductionDebug */,
				52DCD0C927033A4100928BAC /* DevelopmentDebug */,
				52DCD0CD27033A4F00928BAC /* DevelopmentRelease */,
				52DCD0C527033A2F00928BAC /* ProductionRelease */,
			);
			defaultConfigurationIsVisible = 0;
			defaultConfigurationName = DevelopmentDebug;
		};
		52DCD0A82703102100928BAC /* Build configuration list for PBXNativeTarget "PinchAssignment" */ = {
			isa = XCConfigurationList;
			buildConfigurations = (
				52DCD0C227033A2C00928BAC /* ProductionDebug */,
				52DCD0CA27033A4100928BAC /* DevelopmentDebug */,
				52DCD0CE27033A4F00928BAC /* DevelopmentRelease */,
				52DCD0C627033A2F00928BAC /* ProductionRelease */,
			);
			defaultConfigurationIsVisible = 0;
			defaultConfigurationName = DevelopmentDebug;
		};
		52DCD0AB2703102100928BAC /* Build configuration list for PBXNativeTarget "PinchAssignmentTests" */ = {
			isa = XCConfigurationList;
			buildConfigurations = (
				52DCD0C327033A2C00928BAC /* ProductionDebug */,
				52DCD0CB27033A4100928BAC /* DevelopmentDebug */,
				52DCD0CF27033A4F00928BAC /* DevelopmentRelease */,
				52DCD0C727033A2F00928BAC /* ProductionRelease */,
			);
			defaultConfigurationIsVisible = 0;
			defaultConfigurationName = DevelopmentDebug;
		};
		52DCD0AE2703102100928BAC /* Build configuration list for PBXNativeTarget "PinchAssignmentUITests" */ = {
			isa = XCConfigurationList;
			buildConfigurations = (
				52DCD0C427033A2C00928BAC /* ProductionDebug */,
				52DCD0CC27033A4100928BAC /* DevelopmentDebug */,
				52DCD0D027033A4F00928BAC /* DevelopmentRelease */,
				52DCD0C827033A2F00928BAC /* ProductionRelease */,
			);
			defaultConfigurationIsVisible = 0;
			defaultConfigurationName = DevelopmentDebug;
		};
/* End XCConfigurationList section */

/* Begin XCVersionGroup section */
		52DCD0872703101D00928BAC /* PinchAssignment.xcdatamodeld */ = {
			isa = XCVersionGroup;
			children = (
				52DCD0882703101D00928BAC /* PinchAssignment.xcdatamodel */,
			);
			currentVersion = 52DCD0882703101D00928BAC /* PinchAssignment.xcdatamodel */;
			path = PinchAssignment.xcdatamodeld;
			sourceTree = "<group>";
			versionGroupType = wrapper.xcdatamodel;
		};
/* End XCVersionGroup section */
	};
	rootObject = 52DCD0732703101C00928BAC /* Project object */;
}
